<?xml version="1.0" encoding="utf-8"?>
<Project ToolsVersion="4.0" xmlns="http://schemas.microsoft.com/developer/msbuild/2003">
  <ItemGroup>
    <Filter Include="Source Files">
      <UniqueIdentifier>{4FC737F1-C7A5-4376-A066-2A32D752A2FF}</UniqueIdentifier>
      <Extensions>cpp;c;cc;cxx;def;odl;idl;hpj;bat;asm;asmx</Extensions>
    </Filter>
    <Filter Include="tightdb">
      <UniqueIdentifier>{0851e238-9ace-4061-a164-00f260e5a427}</UniqueIdentifier>
    </Filter>
  </ItemGroup>
  <ItemGroup>
    <ClCompile Include="benchmark.cpp">
      <Filter>Source Files</Filter>
    </ClCompile>
    <ClCompile Include="..\..\src\alloc.cpp">
      <Filter>tightdb</Filter>
    </ClCompile>
    <ClCompile Include="..\..\src\Array.cpp">
      <Filter>tightdb</Filter>
    </ClCompile>
    <ClCompile Include="..\..\src\ArrayBinary.cpp">
      <Filter>tightdb</Filter>
    </ClCompile>
    <ClCompile Include="..\..\src\ArrayBlob.cpp">
      <Filter>tightdb</Filter>
    </ClCompile>
    <ClCompile Include="..\..\src\ArrayString.cpp">
      <Filter>tightdb</Filter>
    </ClCompile>
    <ClCompile Include="..\..\src\ArrayStringLong.cpp">
      <Filter>tightdb</Filter>
    </ClCompile>
    <ClCompile Include="..\..\src\Column.cpp">
      <Filter>tightdb</Filter>
    </ClCompile>
    <ClCompile Include="..\..\src\ColumnBinary.cpp">
      <Filter>tightdb</Filter>
    </ClCompile>
    <ClCompile Include="..\..\src\ColumnString.cpp">
      <Filter>tightdb</Filter>
    </ClCompile>
    <ClCompile Include="..\..\src\ctightdb.cpp">
      <Filter>tightdb</Filter>
    </ClCompile>
    <ClCompile Include="..\..\src\Group.cpp">
      <Filter>tightdb</Filter>
    </ClCompile>
    <ClCompile Include="..\..\src\Index.cpp">
      <Filter>tightdb</Filter>
    </ClCompile>
    <ClCompile Include="..\..\src\Table.cpp">
      <Filter>tightdb</Filter>
    </ClCompile>
    <ClCompile Include="..\..\src\TableView.cpp">
      <Filter>tightdb</Filter>
    </ClCompile>
    <ClCompile Include="..\UnitTest++\src\Win32\TimeHelpers.cpp">
      <Filter>Source Files</Filter>
    </ClCompile>
    <ClCompile Include="..\Support\win32\mem.cpp">
      <Filter>Source Files</Filter>
    </ClCompile>
  </ItemGroup>
  <ItemGroup>
    <ClInclude Include="..\..\src\alloc.h">
      <Filter>tightdb</Filter>
    </ClInclude>
    <ClInclude Include="..\..\src\AllocSlab.h">
      <Filter>tightdb</Filter>
    </ClInclude>
    <ClInclude Include="..\..\src\Array.h">
      <Filter>tightdb</Filter>
    </ClInclude>
    <ClInclude Include="..\..\src\ArrayBinary.h">
      <Filter>tightdb</Filter>
    </ClInclude>
    <ClInclude Include="..\..\src\ArrayBlob.h">
      <Filter>tightdb</Filter>
    </ClInclude>
    <ClInclude Include="..\..\src\ArrayString.h">
      <Filter>tightdb</Filter>
    </ClInclude>
    <ClInclude Include="..\..\src\ArrayStringLong.h">
      <Filter>tightdb</Filter>
    </ClInclude>
    <ClInclude Include="..\..\src\Column.h">
      <Filter>tightdb</Filter>
    </ClInclude>
    <ClInclude Include="..\..\src\Column_tpl.h">
      <Filter>tightdb</Filter>
    </ClInclude>
    <ClInclude Include="..\..\src\ColumnBinary.h">
      <Filter>tightdb</Filter>
    </ClInclude>
    <ClInclude Include="..\..\src\ColumnType.h">
      <Filter>tightdb</Filter>
    </ClInclude>
    <ClInclude Include="..\..\src\ctightdb.h">
      <Filter>tightdb</Filter>
    </ClInclude>
    <ClInclude Include="..\..\src\Group.h">
      <Filter>tightdb</Filter>
    </ClInclude>
    <ClInclude Include="..\..\src\Index.h">
      <Filter>tightdb</Filter>
    </ClInclude>
    <ClInclude Include="..\..\src\Table.h">
      <Filter>tightdb</Filter>
    </ClInclude>
    <ClInclude Include="..\..\src\tightdb.h">
      <Filter>tightdb</Filter>
    </ClInclude>
    <ClInclude Include="..\Support\mem.h">
      <Filter>Source Files</Filter>
    </ClInclude>
  </ItemGroup>
</Project>