
Microsoft Visual Studio Solution File, Format Version 10.00
# Visual Studio 2008
Project("{8BC9CEB8-8B4A-11D0-8D11-00A0C91BC942}") = "TightDB", "TightDB.vcproj", "{C18EDDC1-166A-49C4-B483-11458F48CF8E}"
EndProject
Project("{8BC9CEB8-8B4A-11D0-8D11-00A0C91BC942}") = "UnitTest++", "test\UnitTest++\UnitTest++.vsnet2005.vcproj", "{64A4FEFE-0461-4E95-8CC1-91EF5F57DBC6}"
EndProject
Project("{2150E333-8FDC-42A3-9474-1A3956D46DE8}") = "Tests", "Tests", "{ED0C49D7-6CFD-4B05-BA18-7C6E98A994C8}"
EndProject
Project("{8BC9CEB8-8B4A-11D0-8D11-00A0C91BC942}") = "test-tightdb", "test\test-tightdb\test-tightdb.vcproj", "{6DF07480-ECC6-4116-860A-818B9D2BA7B3}"
EndProject
Project("{8BC9CEB8-8B4A-11D0-8D11-00A0C91BC942}") = "test-sqlite3", "test\test-sqlite3\test-sqlite3.vcproj", "{9C49632F-A4C9-471E-B643-42472DBF13B9}"
EndProject
Project("{8BC9CEB8-8B4A-11D0-8D11-00A0C91BC942}") = "test-stl", "test\test-stl\test-stl.vcproj", "{C485A179-016D-4A21-AA14-1970BA070154}"
EndProject
Global
	GlobalSection(SolutionConfigurationPlatforms) = preSolution
		Debug|Win32 = Debug|Win32
		Debug|x64 = Debug|x64
		Release|Win32 = Release|Win32
		Release|x64 = Release|x64
	EndGlobalSection
	GlobalSection(ProjectConfigurationPlatforms) = postSolution
		{C18EDDC1-166A-49C4-B483-11458F48CF8E}.Debug|Win32.ActiveCfg = Debug|Win32
		{C18EDDC1-166A-49C4-B483-11458F48CF8E}.Debug|Win32.Build.0 = Debug|Win32
		{C18EDDC1-166A-49C4-B483-11458F48CF8E}.Debug|x64.ActiveCfg = Debug|x64
		{C18EDDC1-166A-49C4-B483-11458F48CF8E}.Debug|x64.Build.0 = Debug|x64
		{C18EDDC1-166A-49C4-B483-11458F48CF8E}.Release|Win32.ActiveCfg = Release|Win32
		{C18EDDC1-166A-49C4-B483-11458F48CF8E}.Release|Win32.Build.0 = Release|Win32
		{C18EDDC1-166A-49C4-B483-11458F48CF8E}.Release|x64.ActiveCfg = Release|x64
		{C18EDDC1-166A-49C4-B483-11458F48CF8E}.Release|x64.Build.0 = Release|x64
		{64A4FEFE-0461-4E95-8CC1-91EF5F57DBC6}.Debug|Win32.ActiveCfg = Debug|Win32
		{64A4FEFE-0461-4E95-8CC1-91EF5F57DBC6}.Debug|Win32.Build.0 = Debug|Win32
		{64A4FEFE-0461-4E95-8CC1-91EF5F57DBC6}.Debug|x64.ActiveCfg = Debug|x64
		{64A4FEFE-0461-4E95-8CC1-91EF5F57DBC6}.Debug|x64.Build.0 = Debug|x64
		{64A4FEFE-0461-4E95-8CC1-91EF5F57DBC6}.Release|Win32.ActiveCfg = Release|Win32
		{64A4FEFE-0461-4E95-8CC1-91EF5F57DBC6}.Release|Win32.Build.0 = Release|Win32
		{64A4FEFE-0461-4E95-8CC1-91EF5F57DBC6}.Release|x64.ActiveCfg = Release|x64
		{64A4FEFE-0461-4E95-8CC1-91EF5F57DBC6}.Release|x64.Build.0 = Release|x64
		{6DF07480-ECC6-4116-860A-818B9D2BA7B3}.Debug|Win32.ActiveCfg = Debug|Win32
		{6DF07480-ECC6-4116-860A-818B9D2BA7B3}.Debug|Win32.Build.0 = Debug|Win32
		{6DF07480-ECC6-4116-860A-818B9D2BA7B3}.Debug|x64.ActiveCfg = Debug|x64
		{6DF07480-ECC6-4116-860A-818B9D2BA7B3}.Release|Win32.ActiveCfg = Release|Win32
		{6DF07480-ECC6-4116-860A-818B9D2BA7B3}.Release|Win32.Build.0 = Release|Win32
		{6DF07480-ECC6-4116-860A-818B9D2BA7B3}.Release|x64.ActiveCfg = Release|x64
		{9C49632F-A4C9-471E-B643-42472DBF13B9}.Debug|Win32.ActiveCfg = Debug|Win32
		{9C49632F-A4C9-471E-B643-42472DBF13B9}.Debug|Win32.Build.0 = Debug|Win32
		{9C49632F-A4C9-471E-B643-42472DBF13B9}.Debug|x64.ActiveCfg = Debug|x64
		{9C49632F-A4C9-471E-B643-42472DBF13B9}.Release|Win32.ActiveCfg = Release|Win32
		{9C49632F-A4C9-471E-B643-42472DBF13B9}.Release|Win32.Build.0 = Release|Win32
		{9C49632F-A4C9-471E-B643-42472DBF13B9}.Release|x64.ActiveCfg = Release|x64
		{C485A179-016D-4A21-AA14-1970BA070154}.Debug|Win32.ActiveCfg = Debug|Win32
		{C485A179-016D-4A21-AA14-1970BA070154}.Debug|Win32.Build.0 = Debug|Win32
		{C485A179-016D-4A21-AA14-1970BA070154}.Debug|x64.ActiveCfg = Debug|x64
		{C485A179-016D-4A21-AA14-1970BA070154}.Release|Win32.ActiveCfg = Release|Win32
		{C485A179-016D-4A21-AA14-1970BA070154}.Release|Win32.Build.0 = Release|Win32
		{C485A179-016D-4A21-AA14-1970BA070154}.Release|x64.ActiveCfg = Release|x64
	EndGlobalSection
	GlobalSection(SolutionProperties) = preSolution
		HideSolutionNode = FALSE
	EndGlobalSection
	GlobalSection(NestedProjects) = preSolution
		{6DF07480-ECC6-4116-860A-818B9D2BA7B3} = {ED0C49D7-6CFD-4B05-BA18-7C6E98A994C8}
		{9C49632F-A4C9-471E-B643-42472DBF13B9} = {ED0C49D7-6CFD-4B05-BA18-7C6E98A994C8}
		{C485A179-016D-4A21-AA14-1970BA070154} = {ED0C49D7-6CFD-4B05-BA18-7C6E98A994C8}
	EndGlobalSection
EndGlobal
