<?xml version="1.0" encoding="utf-8"?>
<Project ToolsVersion="4.0" xmlns="http://schemas.microsoft.com/developer/msbuild/2003">
  <ItemGroup>
    <ClCompile Include="src\array_binary.cpp" />
    <ClCompile Include="src\array_blob.cpp" />
    <ClCompile Include="src\array_string.cpp" />
    <ClCompile Include="src\array_string_long.cpp" />
    <ClCompile Include="src\column.cpp" />
    <ClCompile Include="src\column_binary.cpp" />
    <ClCompile Include="src\column_mixed.cpp" />
    <ClCompile Include="src\column_string.cpp" />
    <ClCompile Include="src\column_string_enum.cpp" />
    <ClCompile Include="src\column_table.cpp" />
    <ClCompile Include="src\c-table.cpp" />
    <ClCompile Include="src\group.cpp" />
    <ClCompile Include="src\group_writer.cpp" />
    <ClCompile Include="src\index.cpp" />
    <ClCompile Include="src\spec.cpp" />
    <ClCompile Include="src\table.cpp" />
    <ClCompile Include="src\table_view.cpp" />
    <ClCompile Include="src\utf8.cpp" />
    <ClCompile Include="src\utilities.cpp" />
    <ClCompile Include="src\alloc_slab.cpp" />
    <ClCompile Include="src\array.cpp" />
    <ClCompile Include="src\win32\pthread\pthread.c">
      <Filter>pthreads</Filter>
    </ClCompile>
    <ClCompile Include="test\testarrayblob.cpp">
      <Filter>test</Filter>
    </ClCompile>
    <ClCompile Include="test\testarraystring.cpp">
      <Filter>test</Filter>
    </ClCompile>
    <ClCompile Include="test\testarraystringlong.cpp">
      <Filter>test</Filter>
    </ClCompile>
    <ClCompile Include="test\testcolumn.cpp">
      <Filter>test</Filter>
    </ClCompile>
    <ClCompile Include="test\testcolumnbinary.cpp">
      <Filter>test</Filter>
    </ClCompile>
    <ClCompile Include="test\testcolumnmixed.cpp">
      <Filter>test</Filter>
    </ClCompile>
    <ClCompile Include="test\testcolumnstring.cpp">
      <Filter>test</Filter>
    </ClCompile>
    <ClCompile Include="test\testearraybinary.cpp">
      <Filter>test</Filter>
    </ClCompile>
    <ClCompile Include="test\testgroup.cpp">
      <Filter>test</Filter>
    </ClCompile>
    <ClCompile Include="test\testindex.cpp">
      <Filter>test</Filter>
    </ClCompile>
    <ClCompile Include="test\testtable.cpp">
      <Filter>test</Filter>
    </ClCompile>
    <ClCompile Include="test\test_c_api.c">
      <Filter>test</Filter>
    </ClCompile>
    <ClCompile Include="test\main.cpp">
      <Filter>test</Filter>
    </ClCompile>
    <ClCompile Include="test\testalloc.cpp">
      <Filter>test</Filter>
    </ClCompile>
    <ClCompile Include="test\testarray.cpp">
      <Filter>test</Filter>
    </ClCompile>
    <ClCompile Include="test\large_tests\test_strings.cpp">
      <Filter>large_tests</Filter>
    </ClCompile>
    <ClCompile Include="test\large_tests\verified_integer.cpp">
      <Filter>large_tests</Filter>
    </ClCompile>
    <ClCompile Include="test\large_tests\verified_string.cpp">
      <Filter>large_tests</Filter>
    </ClCompile>
    <ClCompile Include="test\large_tests\test_column.cpp">
      <Filter>large_tests</Filter>
    </ClCompile>
    <ClCompile Include="test\testquery.cpp">
      <Filter>test</Filter>
    </ClCompile>
    <ClCompile Include="test\testtableview.cpp">
      <Filter>test</Filter>
    </ClCompile>
    <ClCompile Include="src\query.cpp" />
  </ItemGroup>
  <ItemGroup>
    <ClInclude Include="include\group.hpp">
      <Filter>include</Filter>
    </ClInclude>
    <ClInclude Include="include\table.hpp">
      <Filter>include</Filter>
    </ClInclude>
    <ClInclude Include="include\tightdb.hpp">
      <Filter>include</Filter>
    </ClInclude>
    <ClInclude Include="src\alloc.hpp" />
    <ClInclude Include="src\alloc_slab.hpp" />
    <ClInclude Include="src\array.hpp" />
    <ClInclude Include="src\array_binary.hpp" />
    <ClInclude Include="src\array_blob.hpp" />
    <ClInclude Include="src\array_string.hpp" />
    <ClInclude Include="src\array_string_long.hpp" />
    <ClInclude Include="src\column.hpp" />
    <ClInclude Include="src\column_binary.hpp" />
    <ClInclude Include="src\column_fwd.hpp" />
    <ClInclude Include="src\column_mixed.hpp" />
    <ClInclude Include="src\column_string.hpp" />
    <ClInclude Include="src\column_string_enum.hpp" />
    <ClInclude Include="src\column_table.hpp" />
    <ClInclude Include="src\column_tpl.hpp" />
    <ClInclude Include="src\column_type.hpp" />
    <ClInclude Include="src\c-table.h" />
    <ClInclude Include="src\date.hpp" />
    <ClInclude Include="src\group_writer.hpp" />
    <ClInclude Include="src\index.hpp" />
    <ClInclude Include="src\meta.hpp" />
    <ClInclude Include="src\mixed.hpp" />
    <ClInclude Include="src\query.hpp" />
    <ClInclude Include="src\query_conditions.hpp" />
    <ClInclude Include="src\query_engine.hpp" />
    <ClInclude Include="src\spec.hpp" />
    <ClInclude Include="src\static_assert.hpp" />
    <ClInclude Include="src\table_basic.hpp" />
    <ClInclude Include="src\table_ref.hpp" />
    <ClInclude Include="src\table_view.hpp" />
    <ClInclude Include="src\utf8.hpp" />
    <ClInclude Include="src\utilities.hpp" />
    <ClInclude Include="src\win32\pthread\pthread.h">
      <Filter>pthreads</Filter>
    </ClInclude>
    <ClInclude Include="test\testsettings.hpp">
      <Filter>test</Filter>
    </ClInclude>
    <ClInclude Include="test\large_tests\verified_integer.hpp">
      <Filter>large_tests</Filter>
    </ClInclude>
    <ClInclude Include="test\large_tests\verified_string.hpp">
      <Filter>large_tests</Filter>
    </ClInclude>
    <ClInclude Include="src\tightdb-c.h" />
  </ItemGroup>
  <ItemGroup>
    <Filter Include="large_tests">
      <UniqueIdentifier>{3e451fa6-2e90-45e6-824f-68fe7042fbcf}</UniqueIdentifier>
    </Filter>
    <Filter Include="pthreads">
      <UniqueIdentifier>{b4eeb124-957f-4448-b620-3662238e268a}</UniqueIdentifier>
    </Filter>
    <Filter Include="test">
      <UniqueIdentifier>{d65594c9-e911-48b1-9f60-693bab72c732}</UniqueIdentifier>
    </Filter>
    <Filter Include="include">
      <UniqueIdentifier>{efc02ae3-bdec-4ca7-b675-f17d63169548}</UniqueIdentifier>
    </Filter>
  </ItemGroup>
</Project>