<?xml version="1.0" encoding="utf-8"?>
<Project ToolsVersion="4.0" xmlns="http://schemas.microsoft.com/developer/msbuild/2003">
  <ItemGroup>
    <ClCompile Include="src\Index.cpp" />
    <ClCompile Include="src\utilities.cpp" />
    <ClCompile Include="test\large_tests\verified_integer.cpp">
      <Filter>large_tests</Filter>
    </ClCompile>
    <ClCompile Include="test\large_tests\verified_string.cpp">
      <Filter>large_tests</Filter>
    </ClCompile>
    <ClCompile Include="test\large_tests\test_strings.cpp">
      <Filter>large_tests</Filter>
    </ClCompile>
    <ClCompile Include="test\large_tests\test_column.cpp">
      <Filter>large_tests</Filter>
    </ClCompile>
    <ClCompile Include="src\utf8.cpp" />
    <ClCompile Include="src\win32\pthread\pthread.c">
      <Filter>pthreads</Filter>
    </ClCompile>
    <ClCompile Include="src\alloc_slab.cpp" />
    <ClCompile Include="src\group_writer.cpp" />
    <ClCompile Include="src\spec.cpp" />
    <ClCompile Include="src\table_view.cpp" />
    <ClCompile Include="src\array_binary.cpp" />
    <ClCompile Include="src\array_blob.cpp" />
    <ClCompile Include="src\array_string.cpp" />
    <ClCompile Include="src\array_string_long.cpp" />
    <ClCompile Include="test\testTableView.cpp">
      <Filter>test</Filter>
    </ClCompile>
    <ClCompile Include="test\testtable.cpp">
      <Filter>test</Filter>
    </ClCompile>
    <ClCompile Include="test\TestQuery.cpp">
      <Filter>test</Filter>
    </ClCompile>
    <ClCompile Include="test\testindex.cpp">
      <Filter>test</Filter>
    </ClCompile>
    <ClCompile Include="test\testgroup.cpp">
      <Filter>test</Filter>
    </ClCompile>
    <ClCompile Include="test\testcolumnstring.cpp">
      <Filter>test</Filter>
    </ClCompile>
    <ClCompile Include="test\testcolumn.cpp">
      <Filter>test</Filter>
    </ClCompile>
    <ClCompile Include="test\testarraystring.cpp">
      <Filter>test</Filter>
    </ClCompile>
    <ClCompile Include="test\testarray.cpp">
      <Filter>test</Filter>
    </ClCompile>
    <ClCompile Include="test\testalloc.cpp">
      <Filter>test</Filter>
    </ClCompile>
    <ClCompile Include="test\main.cpp">
      <Filter>test</Filter>
    </ClCompile>
    <ClCompile Include="..\tightdb\src\c-api\c-table.cpp">
      <Filter>c-api</Filter>
    </ClCompile>
    <ClCompile Include="src\table.cpp" />
    <ClCompile Include="src\group.cpp" />
    <ClCompile Include="src\column.cpp" />
    <ClCompile Include="src\column_binary.cpp" />
    <ClCompile Include="src\column_mixed.cpp" />
    <ClCompile Include="src\column_string.cpp" />
    <ClCompile Include="src\column_string_enum.cpp" />
    <ClCompile Include="src\column_table.cpp" />
    <ClCompile Include="src\array.cpp" />
  </ItemGroup>
  <ItemGroup>
    <ClInclude Include="test\large_tests\verified_integer.h">
      <Filter>large_tests</Filter>
    </ClInclude>
    <ClInclude Include="test\large_tests\verified_string.h">
      <Filter>large_tests</Filter>
    </ClInclude>
    <ClInclude Include="src\win32\pthread\pthread.h">
      <Filter>pthreads</Filter>
    </ClInclude>
    <ClInclude Include="src\alloc.hpp" />
    <ClInclude Include="src\Index.hpp" />
    <ClInclude Include="src\tightdb.hpp" />
    <ClInclude Include="src\utf8.hpp" />
    <ClInclude Include="src\utilities.hpp" />
    <ClInclude Include="src\alloc_slab.hpp" />
    <ClInclude Include="src\date.hpp" />
    <ClInclude Include="src\group_writer.hpp" />
    <ClInclude Include="src\meta.hpp" />
    <ClInclude Include="src\mixed.hpp" />
    <ClInclude Include="src\spec.hpp" />
    <ClInclude Include="src\static_assert.hpp" />
    <ClInclude Include="src\table_basic.hpp" />
    <ClInclude Include="src\table_ref.hpp" />
    <ClInclude Include="src\table_view.hpp" />
    <ClInclude Include="src\query\conditions.hpp" />
    <ClInclude Include="src\query.hpp" />
    <ClInclude Include="src\query_conditions.hpp" />
    <ClInclude Include="src\query_engine.hpp" />
    <ClInclude Include="src\array_binary.hpp" />
    <ClInclude Include="src\array_blob.hpp" />
    <ClInclude Include="src\array_string.hpp" />
    <ClInclude Include="src\array_string_long.hpp" />
    <ClInclude Include="..\tightdb\src\c-api\c-tightdb.h">
      <Filter>c-api</Filter>
    </ClInclude>
    <ClInclude Include="..\tightdb\src\c-api\c-table.h">
      <Filter>c-api</Filter>
    </ClInclude>
    <ClInclude Include="src\group.hpp" />
    <ClInclude Include="src\table.hpp" />
    <ClInclude Include="src\column.hpp" />
    <ClInclude Include="src\column_binary.hpp" />
    <ClInclude Include="src\column_fwd.hpp" />
    <ClInclude Include="src\column_mixed.hpp" />
    <ClInclude Include="src\column_string.hpp" />
    <ClInclude Include="src\column_string_enum.hpp" />
    <ClInclude Include="src\column_table.hpp" />
    <ClInclude Include="src\column_tpl.hpp" />
    <ClInclude Include="src\column_type.hpp" />
    <ClInclude Include="src\array.hpp" />
  </ItemGroup>
  <ItemGroup>
    <Filter Include="large_tests">
      <UniqueIdentifier>{3e451fa6-2e90-45e6-824f-68fe7042fbcf}</UniqueIdentifier>
    </Filter>
    <Filter Include="pthreads">
      <UniqueIdentifier>{b4eeb124-957f-4448-b620-3662238e268a}</UniqueIdentifier>
    </Filter>
    <Filter Include="test">
      <UniqueIdentifier>{d65594c9-e911-48b1-9f60-693bab72c732}</UniqueIdentifier>
    </Filter>
    <Filter Include="c-api">
      <UniqueIdentifier>{a897f004-3d22-4052-a963-79f4901766ba}</UniqueIdentifier>
    </Filter>
  </ItemGroup>
</Project>