<?xml version="1.0" encoding="utf-8"?>
<Project ToolsVersion="4.0" xmlns="http://schemas.microsoft.com/developer/msbuild/2003">
  <ItemGroup>
    <ClCompile Include="test\large_tests\verified_integer.cpp">
      <Filter>large_tests</Filter>
    </ClCompile>
    <ClCompile Include="test\large_tests\verified_string.cpp">
      <Filter>large_tests</Filter>
    </ClCompile>
    <ClCompile Include="test\large_tests\test_strings.cpp">
      <Filter>large_tests</Filter>
    </ClCompile>
    <ClCompile Include="test\large_tests\test_column.cpp">
      <Filter>large_tests</Filter>
    </ClCompile>
    <ClCompile Include="test\testTableView.cpp">
      <Filter>test</Filter>
    </ClCompile>
    <ClCompile Include="test\testtable.cpp">
      <Filter>test</Filter>
    </ClCompile>
    <ClCompile Include="test\TestQuery.cpp">
      <Filter>test</Filter>
    </ClCompile>
    <ClCompile Include="test\testindex.cpp">
      <Filter>test</Filter>
    </ClCompile>
    <ClCompile Include="test\testgroup.cpp">
      <Filter>test</Filter>
    </ClCompile>
    <ClCompile Include="test\testcolumnstring.cpp">
      <Filter>test</Filter>
    </ClCompile>
    <ClCompile Include="test\testcolumn.cpp">
      <Filter>test</Filter>
    </ClCompile>
    <ClCompile Include="test\testarraystring.cpp">
      <Filter>test</Filter>
    </ClCompile>
    <ClCompile Include="test\testarray.cpp">
      <Filter>test</Filter>
    </ClCompile>
    <ClCompile Include="test\testalloc.cpp">
      <Filter>test</Filter>
    </ClCompile>
    <ClCompile Include="test\main.cpp">
      <Filter>test</Filter>
    </ClCompile>
    <ClCompile Include="src\group.cpp" />
    <ClCompile Include="src\group_writer.cpp" />
    <ClCompile Include="src\index.cpp" />
    <ClCompile Include="src\spec.cpp" />
    <ClCompile Include="src\table.cpp" />
    <ClCompile Include="src\table_view.cpp" />
    <ClCompile Include="src\utf8.cpp" />
    <ClCompile Include="src\utilities.cpp" />
    <ClCompile Include="src\alloc_slab.cpp" />
    <ClCompile Include="src\array.cpp" />
    <ClCompile Include="src\array_binary.cpp" />
    <ClCompile Include="src\array_blob.cpp" />
    <ClCompile Include="src\array_string.cpp" />
    <ClCompile Include="src\array_string_long.cpp" />
    <ClCompile Include="src\column.cpp" />
    <ClCompile Include="src\column_binary.cpp" />
    <ClCompile Include="src\column_mixed.cpp" />
    <ClCompile Include="src\column_string.cpp" />
    <ClCompile Include="src\column_string_enum.cpp" />
    <ClCompile Include="src\column_table.cpp" />
    <ClCompile Include="src\c-table.cpp" />
    <ClCompile Include="include\win32\pthread\pthread.c">
      <Filter>pthreads</Filter>
    </ClCompile>
  </ItemGroup>
  <ItemGroup>
    <ClInclude Include="test\large_tests\verified_integer.h">
      <Filter>large_tests</Filter>
    </ClInclude>
    <ClInclude Include="test\large_tests\verified_string.h">
      <Filter>large_tests</Filter>
    </ClInclude>
    <ClInclude Include="include\impl\column_string_enum.hpp">
      <Filter>user_include\impl</Filter>
    </ClInclude>
    <ClInclude Include="include\impl\meta.hpp">
      <Filter>user_include\impl</Filter>
    </ClInclude>
    <ClInclude Include="include\impl\query_conditions.hpp">
      <Filter>user_include\impl</Filter>
    </ClInclude>
    <ClInclude Include="include\impl\query_engine.hpp">
      <Filter>user_include\impl</Filter>
    </ClInclude>
    <ClInclude Include="include\impl\utf8.hpp">
      <Filter>user_include\impl</Filter>
    </ClInclude>
    <ClInclude Include="include\impl\utilities.hpp">
      <Filter>user_include\impl</Filter>
    </ClInclude>
    <ClInclude Include="include\impl\alloc.hpp">
      <Filter>user_include\impl</Filter>
    </ClInclude>
    <ClInclude Include="include\impl\alloc_slab.hpp">
      <Filter>user_include\impl</Filter>
    </ClInclude>
    <ClInclude Include="include\impl\array.hpp">
      <Filter>user_include\impl</Filter>
    </ClInclude>
    <ClInclude Include="include\impl\array_blob.hpp">
      <Filter>user_include\impl</Filter>
    </ClInclude>
    <ClInclude Include="include\impl\array_string.hpp">
      <Filter>user_include\impl</Filter>
    </ClInclude>
    <ClInclude Include="include\impl\array_string_long.hpp">
      <Filter>user_include\impl</Filter>
    </ClInclude>
    <ClInclude Include="include\impl\column_fwd.hpp">
      <Filter>user_include\impl</Filter>
    </ClInclude>
    <ClInclude Include="include\impl\column_string.hpp">
      <Filter>user_include\impl</Filter>
    </ClInclude>
    <ClInclude Include="include\column_type.hpp">
      <Filter>user_include</Filter>
    </ClInclude>
    <ClInclude Include="include\date.hpp">
      <Filter>user_include</Filter>
    </ClInclude>
    <ClInclude Include="include\group.hpp">
      <Filter>user_include</Filter>
    </ClInclude>
    <ClInclude Include="include\mixed.hpp">
      <Filter>user_include</Filter>
    </ClInclude>
    <ClInclude Include="include\query.hpp">
      <Filter>user_include</Filter>
    </ClInclude>
    <ClInclude Include="include\spec.hpp">
      <Filter>user_include</Filter>
    </ClInclude>
    <ClInclude Include="include\table.hpp">
      <Filter>user_include</Filter>
    </ClInclude>
    <ClInclude Include="include\table_basic.hpp">
      <Filter>user_include</Filter>
    </ClInclude>
    <ClInclude Include="include\table_ref.hpp">
      <Filter>user_include</Filter>
    </ClInclude>
    <ClInclude Include="include\table_view.hpp">
      <Filter>user_include</Filter>
    </ClInclude>
    <ClInclude Include="include\tightdb.hpp">
      <Filter>user_include</Filter>
    </ClInclude>
    <ClInclude Include="src\array_binary.hpp" />
    <ClInclude Include="src\column.hpp" />
    <ClInclude Include="src\column_binary.hpp" />
    <ClInclude Include="src\column_mixed.hpp" />
    <ClInclude Include="src\column_table.hpp" />
    <ClInclude Include="src\column_tpl.hpp" />
    <ClInclude Include="src\c-table.h" />
    <ClInclude Include="src\c-tightdb.h" />
    <ClInclude Include="src\group_writer.hpp" />
    <ClInclude Include="src\index.hpp" />
    <ClInclude Include="src\static_assert.hpp" />
    <ClInclude Include="include\win32\pthread\pthread.h">
      <Filter>pthreads</Filter>
    </ClInclude>
  </ItemGroup>
  <ItemGroup>
    <Filter Include="large_tests">
      <UniqueIdentifier>{3e451fa6-2e90-45e6-824f-68fe7042fbcf}</UniqueIdentifier>
    </Filter>
    <Filter Include="pthreads">
      <UniqueIdentifier>{b4eeb124-957f-4448-b620-3662238e268a}</UniqueIdentifier>
    </Filter>
    <Filter Include="user_include">
      <UniqueIdentifier>{efc02ae3-bdec-4ca7-b675-f17d63169548}</UniqueIdentifier>
    </Filter>
    <Filter Include="user_include\impl">
      <UniqueIdentifier>{3e54e172-c4b0-41df-8860-f39a912d83fd}</UniqueIdentifier>
    </Filter>
    <Filter Include="test">
      <UniqueIdentifier>{d65594c9-e911-48b1-9f60-693bab72c732}</UniqueIdentifier>
    </Filter>
  </ItemGroup>
</Project>