// !$*UTF8*$!
{
	archiveVersion = 1;
	classes = {
	};
	objectVersion = 46;
	objects = {

/* Begin PBXBuildFile section */
		3604594D14C96DA2008ACFFD /* ColumnMixed.hpp in Headers */ = {isa = PBXBuildFile; fileRef = 3604594C14C96DA2008ACFFD /* ColumnMixed.hpp */; };
		3604595014C96DBA008ACFFD /* ColumnMixed.cpp in Sources */ = {isa = PBXBuildFile; fileRef = 3604594F14C96DBA008ACFFD /* ColumnMixed.cpp */; };
		3604595214C97A4E008ACFFD /* testcolumnmixed.cpp in Sources */ = {isa = PBXBuildFile; fileRef = 3604595114C97A4E008ACFFD /* testcolumnmixed.cpp */; };
		360BAE3014FBB9FE00A28045 /* utf8.cpp in Sources */ = {isa = PBXBuildFile; fileRef = 360BAE2E14FBB9FE00A28045 /* utf8.cpp */; };
		360BAE3114FBB9FE00A28045 /* utf8.hpp in Headers */ = {isa = PBXBuildFile; fileRef = 360BAE2F14FBB9FE00A28045 /* utf8.hpp */; };
		360BAE3414FBBA2E00A28045 /* utilities.cpp in Sources */ = {isa = PBXBuildFile; fileRef = 360BAE3214FBBA2E00A28045 /* utilities.cpp */; };
		360BAE3514FBBA2E00A28045 /* utilities.hpp in Headers */ = {isa = PBXBuildFile; fileRef = 360BAE3314FBBA2E00A28045 /* utilities.hpp */; };
		360F1A1D146AB3AA00EBB9C6 /* libUnitTest++.a in Frameworks */ = {isa = PBXBuildFile; fileRef = 360F1A1C146AB3AA00EBB9C6 /* libUnitTest++.a */; };
		360F1A37146BF71500EBB9C6 /* ColumnString.hpp in Headers */ = {isa = PBXBuildFile; fileRef = 360F1A36146BF71400EBB9C6 /* ColumnString.hpp */; };
		3626F56B14A228850097F17B /* libtightdb.a in Frameworks */ = {isa = PBXBuildFile; fileRef = 3647E0E714209E6B00D56FD7 /* libtightdb.a */; };
		363141F714751E8000ADD5AC /* ColumnStringEnum.hpp in Headers */ = {isa = PBXBuildFile; fileRef = 363141F614751E8000ADD5AC /* ColumnStringEnum.hpp */; };
		363141F914751E9600ADD5AC /* ColumnStringEnum.cpp in Sources */ = {isa = PBXBuildFile; fileRef = 363141F814751E9600ADD5AC /* ColumnStringEnum.cpp */; };
		3647E0EC14209EBB00D56FD7 /* alloc_slab.cpp in Sources */ = {isa = PBXBuildFile; fileRef = 3647DEEB14209C1200D56FD7 /* alloc_slab.cpp */; };
		3647E0EF14209EBB00D56FD7 /* Array.cpp in Sources */ = {isa = PBXBuildFile; fileRef = 3647DEEE14209C1200D56FD7 /* Array.cpp */; };
		3647E0F114209EBB00D56FD7 /* ArrayString.cpp in Sources */ = {isa = PBXBuildFile; fileRef = 3647DEF014209C1200D56FD7 /* ArrayString.cpp */; };
		3647E0F314209EBB00D56FD7 /* Column.cpp in Sources */ = {isa = PBXBuildFile; fileRef = 3647DEF214209C1200D56FD7 /* Column.cpp */; };
		3647E0F514209EBB00D56FD7 /* ColumnString.cpp in Sources */ = {isa = PBXBuildFile; fileRef = 3647DEF414209C1200D56FD7 /* ColumnString.cpp */; };
		3647E0F714209EBB00D56FD7 /* ctightdb.cpp in Sources */ = {isa = PBXBuildFile; fileRef = 3647DEF614209C1200D56FD7 /* ctightdb.cpp */; };
		3647E0F914209EBB00D56FD7 /* Index.cpp in Sources */ = {isa = PBXBuildFile; fileRef = 3647DEF814209C1200D56FD7 /* Index.cpp */; };
		3647E0FB14209EBB00D56FD7 /* Table.cpp in Sources */ = {isa = PBXBuildFile; fileRef = 3647DEFA14209C1200D56FD7 /* Table.cpp */; };
		3647E0FD14209EBB00D56FD7 /* table_view.cpp in Sources */ = {isa = PBXBuildFile; fileRef = 3647DEFC14209C1200D56FD7 /* table_view.cpp */; };
		3647E10D1420E66B00D56FD7 /* main.cpp in Sources */ = {isa = PBXBuildFile; fileRef = 3647DFF314209CE600D56FD7 /* main.cpp */; };
		3647E10E1420E69400D56FD7 /* testarray.cpp in Sources */ = {isa = PBXBuildFile; fileRef = 3647E04A14209CE600D56FD7 /* testarray.cpp */; };
		3647E10F1420E69400D56FD7 /* testarraystring.cpp in Sources */ = {isa = PBXBuildFile; fileRef = 3647E04B14209CE600D56FD7 /* testarraystring.cpp */; };
		3647E1101420E69400D56FD7 /* testcolumn.cpp in Sources */ = {isa = PBXBuildFile; fileRef = 3647E04C14209CE600D56FD7 /* testcolumn.cpp */; };
		3647E1111420E69400D56FD7 /* testindex.cpp in Sources */ = {isa = PBXBuildFile; fileRef = 3647E04D14209CE600D56FD7 /* testindex.cpp */; };
		3647E1121420E69400D56FD7 /* testtable.cpp in Sources */ = {isa = PBXBuildFile; fileRef = 3647E04E14209CE600D56FD7 /* testtable.cpp */; };
		3672919C1471566800060DB2 /* libUnitTest++.a in Frameworks */ = {isa = PBXBuildFile; fileRef = 360F1A1C146AB3AA00EBB9C6 /* libUnitTest++.a */; };
		368063321445977300283774 /* Group.cpp in Sources */ = {isa = PBXBuildFile; fileRef = 368063311445977300283774 /* Group.cpp */; };
		368063381445AF9B00283774 /* testgroup.cpp in Sources */ = {isa = PBXBuildFile; fileRef = 368063361445AD9200283774 /* testgroup.cpp */; };
		3680633A1446D12B00283774 /* testalloc.cpp in Sources */ = {isa = PBXBuildFile; fileRef = 368063391446D12A00283774 /* testalloc.cpp */; };
		36DB875A153F02250096CF75 /* alloc_slab.cpp in Sources */ = {isa = PBXBuildFile; fileRef = 3647DEEB14209C1200D56FD7 /* alloc_slab.cpp */; };
		36DB875B153F02250096CF75 /* Array.cpp in Sources */ = {isa = PBXBuildFile; fileRef = 3647DEEE14209C1200D56FD7 /* Array.cpp */; };
		36DB875C153F02250096CF75 /* ArrayString.cpp in Sources */ = {isa = PBXBuildFile; fileRef = 3647DEF014209C1200D56FD7 /* ArrayString.cpp */; };
		36DB875D153F02250096CF75 /* Column.cpp in Sources */ = {isa = PBXBuildFile; fileRef = 3647DEF214209C1200D56FD7 /* Column.cpp */; };
		36DB875E153F02250096CF75 /* ColumnString.cpp in Sources */ = {isa = PBXBuildFile; fileRef = 3647DEF414209C1200D56FD7 /* ColumnString.cpp */; };
		36DB875F153F02250096CF75 /* ctightdb.cpp in Sources */ = {isa = PBXBuildFile; fileRef = 3647DEF614209C1200D56FD7 /* ctightdb.cpp */; };
		36DB8760153F02250096CF75 /* Index.cpp in Sources */ = {isa = PBXBuildFile; fileRef = 3647DEF814209C1200D56FD7 /* Index.cpp */; };
		36DB8761153F02250096CF75 /* Table.cpp in Sources */ = {isa = PBXBuildFile; fileRef = 3647DEFA14209C1200D56FD7 /* Table.cpp */; };
		36DB8762153F02250096CF75 /* table_view.cpp in Sources */ = {isa = PBXBuildFile; fileRef = 3647DEFC14209C1200D56FD7 /* table_view.cpp */; };
		36DB8763153F02250096CF75 /* Group.cpp in Sources */ = {isa = PBXBuildFile; fileRef = 368063311445977300283774 /* Group.cpp */; };
		36DB8764153F02250096CF75 /* ArrayBlob.cpp in Sources */ = {isa = PBXBuildFile; fileRef = 36E6088D1459E5DC00CCC3E8 /* ArrayBlob.cpp */; };
		36DB8765153F02250096CF75 /* ArrayStringLong.cpp in Sources */ = {isa = PBXBuildFile; fileRef = 36E60892145A88F800CCC3E8 /* ArrayStringLong.cpp */; };
		36DB8766153F02250096CF75 /* ArrayBinary.cpp in Sources */ = {isa = PBXBuildFile; fileRef = 36E6089A145AE53500CCC3E8 /* ArrayBinary.cpp */; };
		36DB8767153F02250096CF75 /* ColumnBinary.cpp in Sources */ = {isa = PBXBuildFile; fileRef = 36E608A2145AEE9000CCC3E8 /* ColumnBinary.cpp */; };
		36DB8768153F02250096CF75 /* ColumnStringEnum.cpp in Sources */ = {isa = PBXBuildFile; fileRef = 363141F814751E9600ADD5AC /* ColumnStringEnum.cpp */; };
		36DB8769153F02250096CF75 /* ColumnTable.cpp in Sources */ = {isa = PBXBuildFile; fileRef = 36E4755814877FA4009FB135 /* ColumnTable.cpp */; };
		36DB876A153F02250096CF75 /* ColumnMixed.cpp in Sources */ = {isa = PBXBuildFile; fileRef = 3604594F14C96DBA008ACFFD /* ColumnMixed.cpp */; };
		36DB876B153F02250096CF75 /* utf8.cpp in Sources */ = {isa = PBXBuildFile; fileRef = 360BAE2E14FBB9FE00A28045 /* utf8.cpp */; };
		36DB876C153F02250096CF75 /* utilities.cpp in Sources */ = {isa = PBXBuildFile; fileRef = 360BAE3214FBBA2E00A28045 /* utilities.cpp */; };
		36DB876F153F02250096CF75 /* ArrayBlob.hpp in Headers */ = {isa = PBXBuildFile; fileRef = 36E6088C1459E5C000CCC3E8 /* ArrayBlob.hpp */; };
		36DB8770153F02250096CF75 /* ArrayStringLong.hpp in Headers */ = {isa = PBXBuildFile; fileRef = 36E60894145A891100CCC3E8 /* ArrayStringLong.hpp */; };
		36DB8771153F02250096CF75 /* ArrayBinary.hpp in Headers */ = {isa = PBXBuildFile; fileRef = 36E6089C145AE54900CCC3E8 /* ArrayBinary.hpp */; };
		36DB8772153F02250096CF75 /* ColumnBinary.hpp in Headers */ = {isa = PBXBuildFile; fileRef = 36E608A0145AEE7200CCC3E8 /* ColumnBinary.hpp */; };
		36DB8773153F02250096CF75 /* ColumnString.hpp in Headers */ = {isa = PBXBuildFile; fileRef = 360F1A36146BF71400EBB9C6 /* ColumnString.hpp */; };
		36DB8774153F02250096CF75 /* ColumnStringEnum.hpp in Headers */ = {isa = PBXBuildFile; fileRef = 363141F614751E8000ADD5AC /* ColumnStringEnum.hpp */; };
		36DB8775153F02250096CF75 /* ColumnTable.hpp in Headers */ = {isa = PBXBuildFile; fileRef = 36E4755B14877FB8009FB135 /* ColumnTable.hpp */; };
		36DB8776153F02250096CF75 /* QueryEngine.hpp in Headers */ = {isa = PBXBuildFile; fileRef = 36FD6F3914BDC965009E0003 /* QueryEngine.hpp */; };
		36DB8777153F02250096CF75 /* QueryInterface.hpp in Headers */ = {isa = PBXBuildFile; fileRef = 36FD6F3A14BDC965009E0003 /* QueryInterface.hpp */; };
		36DB8778153F02250096CF75 /* ColumnMixed.hpp in Headers */ = {isa = PBXBuildFile; fileRef = 3604594C14C96DA2008ACFFD /* ColumnMixed.hpp */; };
		36DB8779153F02250096CF75 /* utf8.hpp in Headers */ = {isa = PBXBuildFile; fileRef = 360BAE2F14FBB9FE00A28045 /* utf8.hpp */; };
		36DB877A153F02250096CF75 /* utilities.hpp in Headers */ = {isa = PBXBuildFile; fileRef = 360BAE3314FBBA2E00A28045 /* utilities.hpp */; };
		36DBF0CC15498B4100CC12CC /* table_basic.hpp in Headers */ = {isa = PBXBuildFile; fileRef = 36DBF0C715498B4000CC12CC /* table_basic.hpp */; };
		36DBF0CD15498B4100CC12CC /* table_basic.hpp in Headers */ = {isa = PBXBuildFile; fileRef = 36DBF0C715498B4000CC12CC /* table_basic.hpp */; };
		36DBF0CE15498B4100CC12CC /* meta.hpp in Headers */ = {isa = PBXBuildFile; fileRef = 36DBF0C815498B4000CC12CC /* meta.hpp */; };
		36DBF0CF15498B4100CC12CC /* meta.hpp in Headers */ = {isa = PBXBuildFile; fileRef = 36DBF0C815498B4000CC12CC /* meta.hpp */; };
		36DBF0D015498B4100CC12CC /* spec.hpp in Headers */ = {isa = PBXBuildFile; fileRef = 36DBF0C915498B4000CC12CC /* spec.hpp */; };
		36DBF0D115498B4100CC12CC /* spec.hpp in Headers */ = {isa = PBXBuildFile; fileRef = 36DBF0C915498B4000CC12CC /* spec.hpp */; };
		36DBF0D415498B4100CC12CC /* table_ref.hpp in Headers */ = {isa = PBXBuildFile; fileRef = 36DBF0CB15498B4100CC12CC /* table_ref.hpp */; };
		36DBF0D515498B4100CC12CC /* table_ref.hpp in Headers */ = {isa = PBXBuildFile; fileRef = 36DBF0CB15498B4100CC12CC /* table_ref.hpp */; };
		36DBF0D8154AC77A00CC12CC /* group_writer.cpp in Sources */ = {isa = PBXBuildFile; fileRef = 36DBF0D7154AC77A00CC12CC /* group_writer.cpp */; };
		36DBF0D9154AC77A00CC12CC /* group_writer.cpp in Sources */ = {isa = PBXBuildFile; fileRef = 36DBF0D7154AC77A00CC12CC /* group_writer.cpp */; };
		36DBF0DB154AC79700CC12CC /* group_writer.hpp in Headers */ = {isa = PBXBuildFile; fileRef = 36DBF0DA154AC79600CC12CC /* group_writer.hpp */; };
		36DBF0DC154AC79700CC12CC /* group_writer.hpp in Headers */ = {isa = PBXBuildFile; fileRef = 36DBF0DA154AC79600CC12CC /* group_writer.hpp */; };
		36E4755914877FA4009FB135 /* ColumnTable.cpp in Sources */ = {isa = PBXBuildFile; fileRef = 36E4755814877FA4009FB135 /* ColumnTable.cpp */; };
		36E4755C14877FB9009FB135 /* ColumnTable.hpp in Headers */ = {isa = PBXBuildFile; fileRef = 36E4755B14877FB8009FB135 /* ColumnTable.hpp */; };
		36E608681459976700CCC3E8 /* test-tightdb.cpp in Sources */ = {isa = PBXBuildFile; fileRef = 3647E02214209CE600D56FD7 /* test-tightdb.cpp */; };
		36E608691459977000CCC3E8 /* libtightdb.a in Frameworks */ = {isa = PBXBuildFile; fileRef = 3647E0E714209E6B00D56FD7 /* libtightdb.a */; };
		36E6086F1459A3EB00CCC3E8 /* mem.cpp in Sources */ = {isa = PBXBuildFile; fileRef = 36E6086E1459A3EB00CCC3E8 /* mem.cpp */; };
		36E6088E1459E5DC00CCC3E8 /* ArrayBlob.cpp in Sources */ = {isa = PBXBuildFile; fileRef = 36E6088D1459E5DC00CCC3E8 /* ArrayBlob.cpp */; };
		36E6088F1459E5F100CCC3E8 /* ArrayBlob.hpp in Headers */ = {isa = PBXBuildFile; fileRef = 36E6088C1459E5C000CCC3E8 /* ArrayBlob.hpp */; };
		36E608911459F11200CCC3E8 /* testarrayblob.cpp in Sources */ = {isa = PBXBuildFile; fileRef = 36E608901459F11200CCC3E8 /* testarrayblob.cpp */; };
		36E60893145A88F900CCC3E8 /* ArrayStringLong.cpp in Sources */ = {isa = PBXBuildFile; fileRef = 36E60892145A88F800CCC3E8 /* ArrayStringLong.cpp */; };
		36E60895145A891100CCC3E8 /* ArrayStringLong.hpp in Headers */ = {isa = PBXBuildFile; fileRef = 36E60894145A891100CCC3E8 /* ArrayStringLong.hpp */; };
		36E60897145A99D800CCC3E8 /* testarraystringlong.cpp in Sources */ = {isa = PBXBuildFile; fileRef = 36E60896145A99D800CCC3E8 /* testarraystringlong.cpp */; };
		36E60899145AB43600CCC3E8 /* testcolumnstring.cpp in Sources */ = {isa = PBXBuildFile; fileRef = 36E60898145AB43600CCC3E8 /* testcolumnstring.cpp */; };
		36E6089B145AE53500CCC3E8 /* ArrayBinary.cpp in Sources */ = {isa = PBXBuildFile; fileRef = 36E6089A145AE53500CCC3E8 /* ArrayBinary.cpp */; };
		36E6089D145AE54900CCC3E8 /* ArrayBinary.hpp in Headers */ = {isa = PBXBuildFile; fileRef = 36E6089C145AE54900CCC3E8 /* ArrayBinary.hpp */; };
		36E6089F145AE7DD00CCC3E8 /* testearraybinary.cpp in Sources */ = {isa = PBXBuildFile; fileRef = 36E6089E145AE7DD00CCC3E8 /* testearraybinary.cpp */; };
		36E608A1145AEE7300CCC3E8 /* ColumnBinary.hpp in Headers */ = {isa = PBXBuildFile; fileRef = 36E608A0145AEE7200CCC3E8 /* ColumnBinary.hpp */; };
		36E608A3145AEE9000CCC3E8 /* ColumnBinary.cpp in Sources */ = {isa = PBXBuildFile; fileRef = 36E608A2145AEE9000CCC3E8 /* ColumnBinary.cpp */; };
		36E608A5145B006E00CCC3E8 /* testcolumnbinary.cpp in Sources */ = {isa = PBXBuildFile; fileRef = 36E608A4145B006E00CCC3E8 /* testcolumnbinary.cpp */; };
		36FD6F3614BDC61A009E0003 /* TestQuery.cpp in Sources */ = {isa = PBXBuildFile; fileRef = 36FD6F3414BDC61A009E0003 /* TestQuery.cpp */; };
		36FD6F3714BDC61A009E0003 /* testTableView.cpp in Sources */ = {isa = PBXBuildFile; fileRef = 36FD6F3514BDC61A009E0003 /* testTableView.cpp */; };
		36FD6F3B14BDC965009E0003 /* QueryEngine.hpp in Headers */ = {isa = PBXBuildFile; fileRef = 36FD6F3914BDC965009E0003 /* QueryEngine.hpp */; };
		36FD6F3C14BDC965009E0003 /* QueryInterface.hpp in Headers */ = {isa = PBXBuildFile; fileRef = 36FD6F3A14BDC965009E0003 /* QueryInterface.hpp */; };
/* End PBXBuildFile section */

/* Begin PBXContainerItemProxy section */
		3647E2511422197F00D56FD7 /* PBXContainerItemProxy */ = {
			isa = PBXContainerItemProxy;
			containerPortal = 3611F2FC14209B7000017263 /* Project object */;
			proxyType = 1;
			remoteGlobalIDString = 3647E0E614209E6B00D56FD7;
			remoteInfo = libtightdb;
		};
		36E6086A14599C3300CCC3E8 /* PBXContainerItemProxy */ = {
			isa = PBXContainerItemProxy;
			containerPortal = 3611F2FC14209B7000017263 /* Project object */;
			proxyType = 1;
			remoteGlobalIDString = 3647E0E614209E6B00D56FD7;
			remoteInfo = libtightdb;
		};
/* End PBXContainerItemProxy section */

/* Begin PBXCopyFilesBuildPhase section */
		3647E1011420E4D800D56FD7 /* CopyFiles */ = {
			isa = PBXCopyFilesBuildPhase;
			buildActionMask = 2147483647;
			dstPath = /usr/share/man/man1/;
			dstSubfolderSpec = 0;
			files = (
			);
			runOnlyForDeploymentPostprocessing = 1;
		};
		36E6085C1459972100CCC3E8 /* CopyFiles */ = {
			isa = PBXCopyFilesBuildPhase;
			buildActionMask = 2147483647;
			dstPath = /usr/share/man/man1/;
			dstSubfolderSpec = 0;
			files = (
			);
			runOnlyForDeploymentPostprocessing = 1;
		};
/* End PBXCopyFilesBuildPhase section */

/* Begin PBXFileReference section */
		3604594C14C96DA2008ACFFD /* ColumnMixed.hpp */ = {isa = PBXFileReference; fileEncoding = 4; lastKnownFileType = sourcecode.cpp.h; path = ColumnMixed.hpp; sourceTree = "<group>"; };
		3604594F14C96DBA008ACFFD /* ColumnMixed.cpp */ = {isa = PBXFileReference; fileEncoding = 4; lastKnownFileType = sourcecode.cpp.cpp; path = ColumnMixed.cpp; sourceTree = "<group>"; };
		3604595114C97A4E008ACFFD /* testcolumnmixed.cpp */ = {isa = PBXFileReference; fileEncoding = 4; lastKnownFileType = sourcecode.cpp.cpp; path = testcolumnmixed.cpp; sourceTree = "<group>"; };
		360BAE2E14FBB9FE00A28045 /* utf8.cpp */ = {isa = PBXFileReference; fileEncoding = 4; lastKnownFileType = sourcecode.cpp.cpp; path = utf8.cpp; sourceTree = "<group>"; };
		360BAE2F14FBB9FE00A28045 /* utf8.hpp */ = {isa = PBXFileReference; fileEncoding = 4; lastKnownFileType = sourcecode.cpp.h; path = utf8.hpp; sourceTree = "<group>"; };
		360BAE3214FBBA2E00A28045 /* utilities.cpp */ = {isa = PBXFileReference; fileEncoding = 4; lastKnownFileType = sourcecode.cpp.cpp; path = utilities.cpp; sourceTree = "<group>"; };
		360BAE3314FBBA2E00A28045 /* utilities.hpp */ = {isa = PBXFileReference; fileEncoding = 4; lastKnownFileType = sourcecode.cpp.h; path = utilities.hpp; sourceTree = "<group>"; };
		360F1A1C146AB3AA00EBB9C6 /* libUnitTest++.a */ = {isa = PBXFileReference; lastKnownFileType = archive.ar; name = "libUnitTest++.a"; path = "test/UnitTest++/libUnitTest++.a"; sourceTree = "<group>"; };
		360F1A36146BF71400EBB9C6 /* ColumnString.hpp */ = {isa = PBXFileReference; fileEncoding = 4; lastKnownFileType = sourcecode.cpp.h; path = ColumnString.hpp; sourceTree = "<group>"; };
		363141F614751E8000ADD5AC /* ColumnStringEnum.hpp */ = {isa = PBXFileReference; fileEncoding = 4; lastKnownFileType = sourcecode.cpp.h; path = ColumnStringEnum.hpp; sourceTree = "<group>"; };
		363141F814751E9600ADD5AC /* ColumnStringEnum.cpp */ = {isa = PBXFileReference; fileEncoding = 4; lastKnownFileType = sourcecode.cpp.cpp; path = ColumnStringEnum.cpp; sourceTree = "<group>"; };
		3647DEEB14209C1200D56FD7 /* alloc_slab.cpp */ = {isa = PBXFileReference; lastKnownFileType = sourcecode.cpp.cpp; path = alloc_slab.cpp; sourceTree = "<group>"; };
		3647DEEC14209C1200D56FD7 /* alloc.hpp */ = {isa = PBXFileReference; lastKnownFileType = sourcecode.cpp.h; path = alloc.hpp; sourceTree = "<group>"; };
		3647DEED14209C1200D56FD7 /* alloc_slab.hpp */ = {isa = PBXFileReference; lastKnownFileType = sourcecode.cpp.h; path = alloc_slab.hpp; sourceTree = "<group>"; };
		3647DEEE14209C1200D56FD7 /* Array.cpp */ = {isa = PBXFileReference; lastKnownFileType = sourcecode.cpp.cpp; path = Array.cpp; sourceTree = "<group>"; };
		3647DEEF14209C1200D56FD7 /* Array.hpp */ = {isa = PBXFileReference; lastKnownFileType = sourcecode.cpp.h; path = Array.hpp; sourceTree = "<group>"; };
		3647DEF014209C1200D56FD7 /* ArrayString.cpp */ = {isa = PBXFileReference; lastKnownFileType = sourcecode.cpp.cpp; path = ArrayString.cpp; sourceTree = "<group>"; };
		3647DEF114209C1200D56FD7 /* ArrayString.hpp */ = {isa = PBXFileReference; lastKnownFileType = sourcecode.cpp.h; path = ArrayString.hpp; sourceTree = "<group>"; };
		3647DEF214209C1200D56FD7 /* Column.cpp */ = {isa = PBXFileReference; lastKnownFileType = sourcecode.cpp.cpp; path = Column.cpp; sourceTree = "<group>"; };
		3647DEF314209C1200D56FD7 /* Column.hpp */ = {isa = PBXFileReference; lastKnownFileType = sourcecode.cpp.h; path = Column.hpp; sourceTree = "<group>"; };
		3647DEF414209C1200D56FD7 /* ColumnString.cpp */ = {isa = PBXFileReference; lastKnownFileType = sourcecode.cpp.cpp; path = ColumnString.cpp; sourceTree = "<group>"; };
		3647DEF514209C1200D56FD7 /* ColumnType.hpp */ = {isa = PBXFileReference; lastKnownFileType = sourcecode.cpp.h; path = ColumnType.hpp; sourceTree = "<group>"; };
		3647DEF614209C1200D56FD7 /* ctightdb.cpp */ = {isa = PBXFileReference; lastKnownFileType = sourcecode.cpp.cpp; path = ctightdb.cpp; sourceTree = "<group>"; };
		3647DEF714209C1200D56FD7 /* ctightdb.h */ = {isa = PBXFileReference; lastKnownFileType = sourcecode.c.h; path = ctightdb.h; sourceTree = "<group>"; };
		3647DEF814209C1200D56FD7 /* Index.cpp */ = {isa = PBXFileReference; lastKnownFileType = sourcecode.cpp.cpp; path = Index.cpp; sourceTree = "<group>"; };
		3647DEF914209C1200D56FD7 /* Index.hpp */ = {isa = PBXFileReference; lastKnownFileType = sourcecode.cpp.h; path = Index.hpp; sourceTree = "<group>"; };
		3647DEFA14209C1200D56FD7 /* Table.cpp */ = {isa = PBXFileReference; lastKnownFileType = sourcecode.cpp.cpp; path = Table.cpp; sourceTree = "<group>"; usesTabs = 0; };
		3647DEFB14209C1200D56FD7 /* Table.hpp */ = {isa = PBXFileReference; lastKnownFileType = sourcecode.cpp.h; path = Table.hpp; sourceTree = "<group>"; };
		3647DEFC14209C1200D56FD7 /* table_view.cpp */ = {isa = PBXFileReference; lastKnownFileType = sourcecode.cpp.cpp; path = table_view.cpp; sourceTree = "<group>"; };
		3647DEFD14209C1200D56FD7 /* tightdb.hpp */ = {isa = PBXFileReference; lastKnownFileType = sourcecode.cpp.h; path = tightdb.hpp; sourceTree = "<group>"; };
		3647DEFF14209C1200D56FD7 /* stdint.h */ = {isa = PBXFileReference; lastKnownFileType = sourcecode.c.h; path = stdint.h; sourceTree = "<group>"; };
		3647DFF314209CE600D56FD7 /* main.cpp */ = {isa = PBXFileReference; lastKnownFileType = sourcecode.cpp.cpp; path = main.cpp; sourceTree = "<group>"; };
		3647DFF414209CE600D56FD7 /* Makefile */ = {isa = PBXFileReference; lastKnownFileType = sourcecode.make; path = Makefile; sourceTree = "<group>"; };
		3647DFF514209CE600D56FD7 /* run_tests.sh */ = {isa = PBXFileReference; lastKnownFileType = text.script.sh; path = run_tests.sh; sourceTree = "<group>"; };
		3647DFF714209CE600D56FD7 /* mem.h */ = {isa = PBXFileReference; lastKnownFileType = sourcecode.c.h; path = mem.h; sourceTree = "<group>"; };
		3647DFF814209CE600D56FD7 /* number_names.h */ = {isa = PBXFileReference; lastKnownFileType = sourcecode.c.h; path = number_names.h; sourceTree = "<group>"; };
		3647DFFA14209CE600D56FD7 /* mem.cpp */ = {isa = PBXFileReference; lastKnownFileType = sourcecode.cpp.cpp; path = mem.cpp; sourceTree = "<group>"; };
		3647DFFC14209CE600D56FD7 /* mem.cpp */ = {isa = PBXFileReference; lastKnownFileType = sourcecode.cpp.cpp; path = mem.cpp; sourceTree = "<group>"; };
		3647DFFE14209CE600D56FD7 /* Makefile */ = {isa = PBXFileReference; lastKnownFileType = sourcecode.make; path = Makefile; sourceTree = "<group>"; };
		3647DFFF14209CE600D56FD7 /* shell.c */ = {isa = PBXFileReference; lastKnownFileType = sourcecode.c.c; path = shell.c; sourceTree = "<group>"; };
		3647E00014209CE600D56FD7 /* sqlite3.c */ = {isa = PBXFileReference; lastKnownFileType = sourcecode.c.c; path = sqlite3.c; sourceTree = "<group>"; };
		3647E00114209CE600D56FD7 /* sqlite3.def */ = {isa = PBXFileReference; lastKnownFileType = text; path = sqlite3.def; sourceTree = "<group>"; };
		3647E00214209CE600D56FD7 /* sqlite3.h */ = {isa = PBXFileReference; lastKnownFileType = sourcecode.c.h; path = sqlite3.h; sourceTree = "<group>"; };
		3647E00314209CE600D56FD7 /* sqlite3ext.h */ = {isa = PBXFileReference; lastKnownFileType = sourcecode.c.h; path = sqlite3ext.h; sourceTree = "<group>"; };
		3647E00414209CE600D56FD7 /* test-sqlite3.cpp */ = {isa = PBXFileReference; lastKnownFileType = sourcecode.cpp.cpp; path = "test-sqlite3.cpp"; sourceTree = "<group>"; };
		3647E00914209CE600D56FD7 /* Makefile */ = {isa = PBXFileReference; lastKnownFileType = sourcecode.make; path = Makefile; sourceTree = "<group>"; };
		3647E00A14209CE600D56FD7 /* test-stl.cpp */ = {isa = PBXFileReference; lastKnownFileType = sourcecode.cpp.cpp; path = "test-stl.cpp"; sourceTree = "<group>"; };
		3647E02114209CE600D56FD7 /* Makefile */ = {isa = PBXFileReference; lastKnownFileType = sourcecode.make; path = Makefile; sourceTree = "<group>"; };
		3647E02214209CE600D56FD7 /* test-tightdb.cpp */ = {isa = PBXFileReference; lastKnownFileType = sourcecode.cpp.cpp; path = "test-tightdb.cpp"; sourceTree = "<group>"; };
		3647E02314209CE600D56FD7 /* test-tightdb.vcproj */ = {isa = PBXFileReference; lastKnownFileType = text.xml; path = "test-tightdb.vcproj"; sourceTree = "<group>"; };
		3647E04A14209CE600D56FD7 /* testarray.cpp */ = {isa = PBXFileReference; lastKnownFileType = sourcecode.cpp.cpp; path = testarray.cpp; sourceTree = "<group>"; };
		3647E04B14209CE600D56FD7 /* testarraystring.cpp */ = {isa = PBXFileReference; lastKnownFileType = sourcecode.cpp.cpp; path = testarraystring.cpp; sourceTree = "<group>"; };
		3647E04C14209CE600D56FD7 /* testcolumn.cpp */ = {isa = PBXFileReference; lastKnownFileType = sourcecode.cpp.cpp; path = testcolumn.cpp; sourceTree = "<group>"; };
		3647E04D14209CE600D56FD7 /* testindex.cpp */ = {isa = PBXFileReference; lastKnownFileType = sourcecode.cpp.cpp; path = testindex.cpp; sourceTree = "<group>"; };
		3647E04E14209CE600D56FD7 /* testtable.cpp */ = {isa = PBXFileReference; lastKnownFileType = sourcecode.cpp.cpp; path = testtable.cpp; sourceTree = "<group>"; };
		3647E05014209CE600D56FD7 /* COPYING */ = {isa = PBXFileReference; lastKnownFileType = text; path = COPYING; sourceTree = "<group>"; };
		3647E05214209CE600D56FD7 /* UnitTest++.html */ = {isa = PBXFileReference; lastKnownFileType = text.html; path = "UnitTest++.html"; sourceTree = "<group>"; };
		3647E05314209CE600D56FD7 /* Makefile */ = {isa = PBXFileReference; lastKnownFileType = sourcecode.make; path = Makefile; sourceTree = "<group>"; };
		3647E06B14209CE600D56FD7 /* README */ = {isa = PBXFileReference; lastKnownFileType = text; path = README; sourceTree = "<group>"; };
		3647E06D14209CE600D56FD7 /* AssertException.cpp */ = {isa = PBXFileReference; lastKnownFileType = sourcecode.cpp.cpp; path = AssertException.cpp; sourceTree = "<group>"; };
		3647E06E14209CE600D56FD7 /* AssertException.h */ = {isa = PBXFileReference; lastKnownFileType = sourcecode.c.h; path = AssertException.h; sourceTree = "<group>"; };
		3647E06F14209CE600D56FD7 /* CheckMacros.h */ = {isa = PBXFileReference; lastKnownFileType = sourcecode.c.h; path = CheckMacros.h; sourceTree = "<group>"; };
		3647E07014209CE600D56FD7 /* Checks.cpp */ = {isa = PBXFileReference; lastKnownFileType = sourcecode.cpp.cpp; path = Checks.cpp; sourceTree = "<group>"; };
		3647E07114209CE600D56FD7 /* Checks.h */ = {isa = PBXFileReference; lastKnownFileType = sourcecode.c.h; path = Checks.h; sourceTree = "<group>"; };
		3647E07214209CE600D56FD7 /* Config.h */ = {isa = PBXFileReference; lastKnownFileType = sourcecode.c.h; path = Config.h; sourceTree = "<group>"; };
		3647E07314209CE600D56FD7 /* CurrentTest.cpp */ = {isa = PBXFileReference; lastKnownFileType = sourcecode.cpp.cpp; path = CurrentTest.cpp; sourceTree = "<group>"; };
		3647E07414209CE600D56FD7 /* CurrentTest.h */ = {isa = PBXFileReference; lastKnownFileType = sourcecode.c.h; path = CurrentTest.h; sourceTree = "<group>"; };
		3647E07514209CE600D56FD7 /* DeferredTestReporter.cpp */ = {isa = PBXFileReference; lastKnownFileType = sourcecode.cpp.cpp; path = DeferredTestReporter.cpp; sourceTree = "<group>"; };
		3647E07614209CE600D56FD7 /* DeferredTestReporter.h */ = {isa = PBXFileReference; lastKnownFileType = sourcecode.c.h; path = DeferredTestReporter.h; sourceTree = "<group>"; };
		3647E07714209CE600D56FD7 /* DeferredTestResult.cpp */ = {isa = PBXFileReference; lastKnownFileType = sourcecode.cpp.cpp; path = DeferredTestResult.cpp; sourceTree = "<group>"; };
		3647E07814209CE600D56FD7 /* DeferredTestResult.h */ = {isa = PBXFileReference; lastKnownFileType = sourcecode.c.h; path = DeferredTestResult.h; sourceTree = "<group>"; };
		3647E07914209CE600D56FD7 /* ExecuteTest.h */ = {isa = PBXFileReference; lastKnownFileType = sourcecode.c.h; path = ExecuteTest.h; sourceTree = "<group>"; };
		3647E07A14209CE600D56FD7 /* MemoryOutStream.cpp */ = {isa = PBXFileReference; lastKnownFileType = sourcecode.cpp.cpp; path = MemoryOutStream.cpp; sourceTree = "<group>"; };
		3647E07B14209CE600D56FD7 /* MemoryOutStream.h */ = {isa = PBXFileReference; lastKnownFileType = sourcecode.c.h; path = MemoryOutStream.h; sourceTree = "<group>"; };
		3647E07D14209CE600D56FD7 /* SignalTranslator.cpp */ = {isa = PBXFileReference; lastKnownFileType = sourcecode.cpp.cpp; path = SignalTranslator.cpp; sourceTree = "<group>"; };
		3647E07E14209CE600D56FD7 /* SignalTranslator.h */ = {isa = PBXFileReference; lastKnownFileType = sourcecode.c.h; path = SignalTranslator.h; sourceTree = "<group>"; };
		3647E07F14209CE600D56FD7 /* TimeHelpers.cpp */ = {isa = PBXFileReference; lastKnownFileType = sourcecode.cpp.cpp; path = TimeHelpers.cpp; sourceTree = "<group>"; };
		3647E08014209CE600D56FD7 /* TimeHelpers.h */ = {isa = PBXFileReference; lastKnownFileType = sourcecode.c.h; path = TimeHelpers.h; sourceTree = "<group>"; };
		3647E08114209CE600D56FD7 /* ReportAssert.cpp */ = {isa = PBXFileReference; lastKnownFileType = sourcecode.cpp.cpp; path = ReportAssert.cpp; sourceTree = "<group>"; };
		3647E08214209CE600D56FD7 /* ReportAssert.h */ = {isa = PBXFileReference; lastKnownFileType = sourcecode.c.h; path = ReportAssert.h; sourceTree = "<group>"; };
		3647E08314209CE600D56FD7 /* Test.cpp */ = {isa = PBXFileReference; lastKnownFileType = sourcecode.cpp.cpp; path = Test.cpp; sourceTree = "<group>"; };
		3647E08414209CE600D56FD7 /* Test.h */ = {isa = PBXFileReference; lastKnownFileType = sourcecode.c.h; path = Test.h; sourceTree = "<group>"; };
		3647E08514209CE600D56FD7 /* TestDetails.cpp */ = {isa = PBXFileReference; lastKnownFileType = sourcecode.cpp.cpp; path = TestDetails.cpp; sourceTree = "<group>"; };
		3647E08614209CE600D56FD7 /* TestDetails.h */ = {isa = PBXFileReference; lastKnownFileType = sourcecode.c.h; path = TestDetails.h; sourceTree = "<group>"; };
		3647E08714209CE600D56FD7 /* TestList.cpp */ = {isa = PBXFileReference; lastKnownFileType = sourcecode.cpp.cpp; path = TestList.cpp; sourceTree = "<group>"; };
		3647E08814209CE600D56FD7 /* TestList.h */ = {isa = PBXFileReference; lastKnownFileType = sourcecode.c.h; path = TestList.h; sourceTree = "<group>"; };
		3647E08914209CE600D56FD7 /* TestMacros.h */ = {isa = PBXFileReference; lastKnownFileType = sourcecode.c.h; path = TestMacros.h; sourceTree = "<group>"; };
		3647E08A14209CE600D56FD7 /* TestReporter.cpp */ = {isa = PBXFileReference; lastKnownFileType = sourcecode.cpp.cpp; path = TestReporter.cpp; sourceTree = "<group>"; };
		3647E08B14209CE600D56FD7 /* TestReporter.h */ = {isa = PBXFileReference; lastKnownFileType = sourcecode.c.h; path = TestReporter.h; sourceTree = "<group>"; };
		3647E08C14209CE600D56FD7 /* TestReporterStdout.cpp */ = {isa = PBXFileReference; lastKnownFileType = sourcecode.cpp.cpp; path = TestReporterStdout.cpp; sourceTree = "<group>"; };
		3647E08D14209CE600D56FD7 /* TestReporterStdout.h */ = {isa = PBXFileReference; lastKnownFileType = sourcecode.c.h; path = TestReporterStdout.h; sourceTree = "<group>"; };
		3647E08E14209CE600D56FD7 /* TestResults.cpp */ = {isa = PBXFileReference; lastKnownFileType = sourcecode.cpp.cpp; path = TestResults.cpp; sourceTree = "<group>"; };
		3647E08F14209CE600D56FD7 /* TestResults.h */ = {isa = PBXFileReference; lastKnownFileType = sourcecode.c.h; path = TestResults.h; sourceTree = "<group>"; };
		3647E09014209CE600D56FD7 /* TestRunner.cpp */ = {isa = PBXFileReference; lastKnownFileType = sourcecode.cpp.cpp; path = TestRunner.cpp; sourceTree = "<group>"; };
		3647E09114209CE600D56FD7 /* TestRunner.h */ = {isa = PBXFileReference; lastKnownFileType = sourcecode.c.h; path = TestRunner.h; sourceTree = "<group>"; };
		3647E09314209CE600D56FD7 /* Main.cpp */ = {isa = PBXFileReference; lastKnownFileType = sourcecode.cpp.cpp; path = Main.cpp; sourceTree = "<group>"; };
		3647E09414209CE600D56FD7 /* RecordingReporter.h */ = {isa = PBXFileReference; lastKnownFileType = sourcecode.c.h; path = RecordingReporter.h; sourceTree = "<group>"; };
		3647E09514209CE600D56FD7 /* ScopedCurrentTest.h */ = {isa = PBXFileReference; lastKnownFileType = sourcecode.c.h; path = ScopedCurrentTest.h; sourceTree = "<group>"; };
		3647E09614209CE600D56FD7 /* TestAssertHandler.cpp */ = {isa = PBXFileReference; lastKnownFileType = sourcecode.cpp.cpp; path = TestAssertHandler.cpp; sourceTree = "<group>"; };
		3647E09714209CE600D56FD7 /* TestCheckMacros.cpp */ = {isa = PBXFileReference; lastKnownFileType = sourcecode.cpp.cpp; path = TestCheckMacros.cpp; sourceTree = "<group>"; };
		3647E09814209CE600D56FD7 /* TestChecks.cpp */ = {isa = PBXFileReference; lastKnownFileType = sourcecode.cpp.cpp; path = TestChecks.cpp; sourceTree = "<group>"; };
		3647E09914209CE600D56FD7 /* TestCurrentTest.cpp */ = {isa = PBXFileReference; lastKnownFileType = sourcecode.cpp.cpp; path = TestCurrentTest.cpp; sourceTree = "<group>"; };
		3647E09A14209CE600D56FD7 /* TestDeferredTestReporter.cpp */ = {isa = PBXFileReference; lastKnownFileType = sourcecode.cpp.cpp; path = TestDeferredTestReporter.cpp; sourceTree = "<group>"; };
		3647E09B14209CE600D56FD7 /* TestMemoryOutStream.cpp */ = {isa = PBXFileReference; lastKnownFileType = sourcecode.cpp.cpp; path = TestMemoryOutStream.cpp; sourceTree = "<group>"; };
		3647E09C14209CE600D56FD7 /* TestTest.cpp */ = {isa = PBXFileReference; lastKnownFileType = sourcecode.cpp.cpp; path = TestTest.cpp; sourceTree = "<group>"; };
		3647E09D14209CE600D56FD7 /* TestTestList.cpp */ = {isa = PBXFileReference; lastKnownFileType = sourcecode.cpp.cpp; path = TestTestList.cpp; sourceTree = "<group>"; };
		3647E09E14209CE600D56FD7 /* TestTestMacros.cpp */ = {isa = PBXFileReference; lastKnownFileType = sourcecode.cpp.cpp; path = TestTestMacros.cpp; sourceTree = "<group>"; };
		3647E09F14209CE600D56FD7 /* TestTestResults.cpp */ = {isa = PBXFileReference; lastKnownFileType = sourcecode.cpp.cpp; path = TestTestResults.cpp; sourceTree = "<group>"; };
		3647E0A014209CE600D56FD7 /* TestTestRunner.cpp */ = {isa = PBXFileReference; lastKnownFileType = sourcecode.cpp.cpp; path = TestTestRunner.cpp; sourceTree = "<group>"; };
		3647E0A114209CE600D56FD7 /* TestTestSuite.cpp */ = {isa = PBXFileReference; lastKnownFileType = sourcecode.cpp.cpp; path = TestTestSuite.cpp; sourceTree = "<group>"; };
		3647E0A214209CE600D56FD7 /* TestTimeConstraint.cpp */ = {isa = PBXFileReference; lastKnownFileType = sourcecode.cpp.cpp; path = TestTimeConstraint.cpp; sourceTree = "<group>"; };
		3647E0A314209CE600D56FD7 /* TestTimeConstraintMacro.cpp */ = {isa = PBXFileReference; lastKnownFileType = sourcecode.cpp.cpp; path = TestTimeConstraintMacro.cpp; sourceTree = "<group>"; };
		3647E0A414209CE600D56FD7 /* TestUnitTest++.cpp */ = {isa = PBXFileReference; lastKnownFileType = sourcecode.cpp.cpp; path = "TestUnitTest++.cpp"; sourceTree = "<group>"; };
		3647E0A514209CE600D56FD7 /* TestXmlTestReporter.cpp */ = {isa = PBXFileReference; lastKnownFileType = sourcecode.cpp.cpp; path = TestXmlTestReporter.cpp; sourceTree = "<group>"; };
		3647E0A614209CE600D56FD7 /* TestSuite.h */ = {isa = PBXFileReference; lastKnownFileType = sourcecode.c.h; path = TestSuite.h; sourceTree = "<group>"; };
		3647E0A714209CE600D56FD7 /* TimeConstraint.cpp */ = {isa = PBXFileReference; lastKnownFileType = sourcecode.cpp.cpp; path = TimeConstraint.cpp; sourceTree = "<group>"; };
		3647E0A814209CE600D56FD7 /* TimeConstraint.h */ = {isa = PBXFileReference; lastKnownFileType = sourcecode.c.h; path = TimeConstraint.h; sourceTree = "<group>"; };
		3647E0A914209CE600D56FD7 /* TimeHelpers.h */ = {isa = PBXFileReference; lastKnownFileType = sourcecode.c.h; path = TimeHelpers.h; sourceTree = "<group>"; };
		3647E0AA14209CE600D56FD7 /* UnitTest++.h */ = {isa = PBXFileReference; lastKnownFileType = sourcecode.c.h; path = "UnitTest++.h"; sourceTree = "<group>"; };
		3647E0AC14209CE600D56FD7 /* TimeHelpers.cpp */ = {isa = PBXFileReference; lastKnownFileType = sourcecode.cpp.cpp; path = TimeHelpers.cpp; sourceTree = "<group>"; };
		3647E0AD14209CE600D56FD7 /* TimeHelpers.h */ = {isa = PBXFileReference; lastKnownFileType = sourcecode.c.h; path = TimeHelpers.h; sourceTree = "<group>"; };
		3647E0AE14209CE600D56FD7 /* XmlTestReporter.cpp */ = {isa = PBXFileReference; lastKnownFileType = sourcecode.cpp.cpp; path = XmlTestReporter.cpp; sourceTree = "<group>"; };
		3647E0AF14209CE600D56FD7 /* XmlTestReporter.h */ = {isa = PBXFileReference; lastKnownFileType = sourcecode.c.h; path = XmlTestReporter.h; sourceTree = "<group>"; };
		3647E0E714209E6B00D56FD7 /* libtightdb.a */ = {isa = PBXFileReference; explicitFileType = archive.ar; includeInIndex = 0; path = libtightdb.a; sourceTree = BUILT_PRODUCTS_DIR; };
		3647E1031420E4D800D56FD7 /* tightdb_unit_tests */ = {isa = PBXFileReference; explicitFileType = "compiled.mach-o.executable"; includeInIndex = 0; path = tightdb_unit_tests; sourceTree = BUILT_PRODUCTS_DIR; };
		368063311445977300283774 /* Group.cpp */ = {isa = PBXFileReference; fileEncoding = 4; lastKnownFileType = sourcecode.cpp.cpp; path = Group.cpp; sourceTree = "<group>"; };
		368063341445979100283774 /* Group.hpp */ = {isa = PBXFileReference; fileEncoding = 4; lastKnownFileType = sourcecode.cpp.h; path = Group.hpp; sourceTree = "<group>"; };
		368063361445AD9200283774 /* testgroup.cpp */ = {isa = PBXFileReference; fileEncoding = 4; lastKnownFileType = sourcecode.cpp.cpp; path = testgroup.cpp; sourceTree = "<group>"; };
		368063391446D12A00283774 /* testalloc.cpp */ = {isa = PBXFileReference; fileEncoding = 4; lastKnownFileType = sourcecode.cpp.cpp; path = testalloc.cpp; sourceTree = "<group>"; };
		36DB877E153F02250096CF75 /* libtightdb_ios.a */ = {isa = PBXFileReference; explicitFileType = archive.ar; includeInIndex = 0; path = libtightdb_ios.a; sourceTree = BUILT_PRODUCTS_DIR; };
		36DBF0C715498B4000CC12CC /* table_basic.hpp */ = {isa = PBXFileReference; fileEncoding = 4; lastKnownFileType = sourcecode.cpp.h; path = table_basic.hpp; sourceTree = "<group>"; };
		36DBF0C815498B4000CC12CC /* meta.hpp */ = {isa = PBXFileReference; fileEncoding = 4; lastKnownFileType = sourcecode.cpp.h; path = meta.hpp; sourceTree = "<group>"; };
		36DBF0C915498B4000CC12CC /* spec.hpp */ = {isa = PBXFileReference; fileEncoding = 4; lastKnownFileType = sourcecode.cpp.h; path = spec.hpp; sourceTree = "<group>"; };
		36DBF0CB15498B4100CC12CC /* table_ref.hpp */ = {isa = PBXFileReference; fileEncoding = 4; lastKnownFileType = sourcecode.cpp.h; path = table_ref.hpp; sourceTree = "<group>"; };
		36DBF0D7154AC77A00CC12CC /* group_writer.cpp */ = {isa = PBXFileReference; fileEncoding = 4; lastKnownFileType = sourcecode.cpp.cpp; path = group_writer.cpp; sourceTree = "<group>"; };
		36DBF0DA154AC79600CC12CC /* group_writer.hpp */ = {isa = PBXFileReference; fileEncoding = 4; lastKnownFileType = sourcecode.cpp.h; path = group_writer.hpp; sourceTree = "<group>"; };
		36E4755814877FA4009FB135 /* ColumnTable.cpp */ = {isa = PBXFileReference; fileEncoding = 4; lastKnownFileType = sourcecode.cpp.cpp; path = ColumnTable.cpp; sourceTree = "<group>"; };
		36E4755B14877FB8009FB135 /* ColumnTable.hpp */ = {isa = PBXFileReference; fileEncoding = 4; lastKnownFileType = sourcecode.cpp.h; path = ColumnTable.hpp; sourceTree = "<group>"; };
		36E608581458289F00CCC3E8 /* Column_tpl.hpp */ = {isa = PBXFileReference; fileEncoding = 4; lastKnownFileType = sourcecode.cpp.h; path = Column_tpl.hpp; sourceTree = "<group>"; };
		36E6085E1459972100CCC3E8 /* test-tightdb */ = {isa = PBXFileReference; explicitFileType = "compiled.mach-o.executable"; includeInIndex = 0; path = "test-tightdb"; sourceTree = BUILT_PRODUCTS_DIR; };
		36E6086E1459A3EB00CCC3E8 /* mem.cpp */ = {isa = PBXFileReference; fileEncoding = 4; lastKnownFileType = sourcecode.cpp.cpp; name = mem.cpp; path = mac/mem.cpp; sourceTree = "<group>"; };
		36E6088C1459E5C000CCC3E8 /* ArrayBlob.hpp */ = {isa = PBXFileReference; fileEncoding = 4; lastKnownFileType = sourcecode.cpp.h; path = ArrayBlob.hpp; sourceTree = "<group>"; };
		36E6088D1459E5DC00CCC3E8 /* ArrayBlob.cpp */ = {isa = PBXFileReference; fileEncoding = 4; lastKnownFileType = sourcecode.cpp.cpp; path = ArrayBlob.cpp; sourceTree = "<group>"; };
		36E608901459F11200CCC3E8 /* testarrayblob.cpp */ = {isa = PBXFileReference; fileEncoding = 4; lastKnownFileType = sourcecode.cpp.cpp; path = testarrayblob.cpp; sourceTree = "<group>"; };
		36E60892145A88F800CCC3E8 /* ArrayStringLong.cpp */ = {isa = PBXFileReference; fileEncoding = 4; lastKnownFileType = sourcecode.cpp.cpp; path = ArrayStringLong.cpp; sourceTree = "<group>"; };
		36E60894145A891100CCC3E8 /* ArrayStringLong.hpp */ = {isa = PBXFileReference; fileEncoding = 4; lastKnownFileType = sourcecode.cpp.h; path = ArrayStringLong.hpp; sourceTree = "<group>"; };
		36E60896145A99D800CCC3E8 /* testarraystringlong.cpp */ = {isa = PBXFileReference; fileEncoding = 4; lastKnownFileType = sourcecode.cpp.cpp; path = testarraystringlong.cpp; sourceTree = "<group>"; };
		36E60898145AB43600CCC3E8 /* testcolumnstring.cpp */ = {isa = PBXFileReference; fileEncoding = 4; lastKnownFileType = sourcecode.cpp.cpp; path = testcolumnstring.cpp; sourceTree = "<group>"; };
		36E6089A145AE53500CCC3E8 /* ArrayBinary.cpp */ = {isa = PBXFileReference; fileEncoding = 4; lastKnownFileType = sourcecode.cpp.cpp; path = ArrayBinary.cpp; sourceTree = "<group>"; };
		36E6089C145AE54900CCC3E8 /* ArrayBinary.hpp */ = {isa = PBXFileReference; fileEncoding = 4; lastKnownFileType = sourcecode.cpp.h; path = ArrayBinary.hpp; sourceTree = "<group>"; };
		36E6089E145AE7DD00CCC3E8 /* testearraybinary.cpp */ = {isa = PBXFileReference; fileEncoding = 4; lastKnownFileType = sourcecode.cpp.cpp; path = testearraybinary.cpp; sourceTree = "<group>"; };
		36E608A0145AEE7200CCC3E8 /* ColumnBinary.hpp */ = {isa = PBXFileReference; fileEncoding = 4; lastKnownFileType = sourcecode.cpp.h; path = ColumnBinary.hpp; sourceTree = "<group>"; };
		36E608A2145AEE9000CCC3E8 /* ColumnBinary.cpp */ = {isa = PBXFileReference; fileEncoding = 4; lastKnownFileType = sourcecode.cpp.cpp; path = ColumnBinary.cpp; sourceTree = "<group>"; };
		36E608A4145B006E00CCC3E8 /* testcolumnbinary.cpp */ = {isa = PBXFileReference; fileEncoding = 4; lastKnownFileType = sourcecode.cpp.cpp; path = testcolumnbinary.cpp; sourceTree = "<group>"; };
		36FD6F3414BDC61A009E0003 /* TestQuery.cpp */ = {isa = PBXFileReference; fileEncoding = 4; lastKnownFileType = sourcecode.cpp.cpp; path = TestQuery.cpp; sourceTree = "<group>"; };
		36FD6F3514BDC61A009E0003 /* testTableView.cpp */ = {isa = PBXFileReference; fileEncoding = 4; lastKnownFileType = sourcecode.cpp.cpp; path = testTableView.cpp; sourceTree = "<group>"; };
		36FD6F3914BDC965009E0003 /* QueryEngine.hpp */ = {isa = PBXFileReference; fileEncoding = 4; lastKnownFileType = sourcecode.cpp.h; name = QueryEngine.hpp; path = query/QueryEngine.hpp; sourceTree = "<group>"; };
		36FD6F3A14BDC965009E0003 /* QueryInterface.hpp */ = {isa = PBXFileReference; fileEncoding = 4; lastKnownFileType = sourcecode.cpp.h; name = QueryInterface.hpp; path = query/QueryInterface.hpp; sourceTree = "<group>"; };
/* End PBXFileReference section */

/* Begin PBXFrameworksBuildPhase section */
		3647E0E414209E6B00D56FD7 /* Frameworks */ = {
			isa = PBXFrameworksBuildPhase;
			buildActionMask = 2147483647;
			files = (
			);
			runOnlyForDeploymentPostprocessing = 0;
		};
		3647E1001420E4D800D56FD7 /* Frameworks */ = {
			isa = PBXFrameworksBuildPhase;
			buildActionMask = 2147483647;
			files = (
				360F1A1D146AB3AA00EBB9C6 /* libUnitTest++.a in Frameworks */,
				3626F56B14A228850097F17B /* libtightdb.a in Frameworks */,
			);
			runOnlyForDeploymentPostprocessing = 0;
		};
		36DB876D153F02250096CF75 /* Frameworks */ = {
			isa = PBXFrameworksBuildPhase;
			buildActionMask = 2147483647;
			files = (
			);
			runOnlyForDeploymentPostprocessing = 0;
		};
		36E6085B1459972100CCC3E8 /* Frameworks */ = {
			isa = PBXFrameworksBuildPhase;
			buildActionMask = 2147483647;
			files = (
				36E608691459977000CCC3E8 /* libtightdb.a in Frameworks */,
				3672919C1471566800060DB2 /* libUnitTest++.a in Frameworks */,
			);
			runOnlyForDeploymentPostprocessing = 0;
		};
/* End PBXFrameworksBuildPhase section */

/* Begin PBXGroup section */
		3611F2FA14209B7000017263 = {
			isa = PBXGroup;
			children = (
				360F1A1C146AB3AA00EBB9C6 /* libUnitTest++.a */,
				3647DFF214209CE600D56FD7 /* test */,
				3647DEEA14209C1200D56FD7 /* src */,
				3647E0E814209E6B00D56FD7 /* Products */,
			);
			sourceTree = "<group>";
		};
		3647DEEA14209C1200D56FD7 /* src */ = {
			isa = PBXGroup;
			children = (
				3647DEEC14209C1200D56FD7 /* alloc.hpp */,
				3647DEEB14209C1200D56FD7 /* alloc_slab.cpp */,
				3647DEED14209C1200D56FD7 /* alloc_slab.hpp */,
				3647DEEE14209C1200D56FD7 /* Array.cpp */,
				3647DEEF14209C1200D56FD7 /* Array.hpp */,
				3647DEF014209C1200D56FD7 /* ArrayString.cpp */,
				3647DEF114209C1200D56FD7 /* ArrayString.hpp */,
				36E60892145A88F800CCC3E8 /* ArrayStringLong.cpp */,
				36E60894145A891100CCC3E8 /* ArrayStringLong.hpp */,
				36E6089A145AE53500CCC3E8 /* ArrayBinary.cpp */,
				36E6089C145AE54900CCC3E8 /* ArrayBinary.hpp */,
				36E6088D1459E5DC00CCC3E8 /* ArrayBlob.cpp */,
				36E6088C1459E5C000CCC3E8 /* ArrayBlob.hpp */,
				3647DEF214209C1200D56FD7 /* Column.cpp */,
				3647DEF314209C1200D56FD7 /* Column.hpp */,
				36E608581458289F00CCC3E8 /* Column_tpl.hpp */,
				3647DEF414209C1200D56FD7 /* ColumnString.cpp */,
				360F1A36146BF71400EBB9C6 /* ColumnString.hpp */,
				363141F814751E9600ADD5AC /* ColumnStringEnum.cpp */,
				363141F614751E8000ADD5AC /* ColumnStringEnum.hpp */,
				36E608A2145AEE9000CCC3E8 /* ColumnBinary.cpp */,
				36E608A0145AEE7200CCC3E8 /* ColumnBinary.hpp */,
				36E4755814877FA4009FB135 /* ColumnTable.cpp */,
				36E4755B14877FB8009FB135 /* ColumnTable.hpp */,
				3604594F14C96DBA008ACFFD /* ColumnMixed.cpp */,
				3604594C14C96DA2008ACFFD /* ColumnMixed.hpp */,
				3647DEF514209C1200D56FD7 /* ColumnType.hpp */,
				3647DEF614209C1200D56FD7 /* ctightdb.cpp */,
				3647DEF714209C1200D56FD7 /* ctightdb.h */,
				368063311445977300283774 /* Group.cpp */,
				368063341445979100283774 /* Group.hpp */,
				36DBF0D7154AC77A00CC12CC /* group_writer.cpp */,
				36DBF0DA154AC79600CC12CC /* group_writer.hpp */,
				3647DEF814209C1200D56FD7 /* Index.cpp */,
				3647DEF914209C1200D56FD7 /* Index.hpp */,
				36DBF0C815498B4000CC12CC /* meta.hpp */,
				36DBF0C915498B4000CC12CC /* spec.hpp */,
				3647DEFA14209C1200D56FD7 /* Table.cpp */,
				3647DEFB14209C1200D56FD7 /* Table.hpp */,
				36DBF0C715498B4000CC12CC /* table_basic.hpp */,
				36DBF0CB15498B4100CC12CC /* table_ref.hpp */,
				3647DEFC14209C1200D56FD7 /* table_view.cpp */,
				3647DEFD14209C1200D56FD7 /* tightdb.hpp */,
				36FD6F3914BDC965009E0003 /* QueryEngine.hpp */,
				36FD6F3A14BDC965009E0003 /* QueryInterface.hpp */,
				360BAE2E14FBB9FE00A28045 /* utf8.cpp */,
				360BAE2F14FBB9FE00A28045 /* utf8.hpp */,
				360BAE3214FBBA2E00A28045 /* utilities.cpp */,
				360BAE3314FBBA2E00A28045 /* utilities.hpp */,
				3647DEFE14209C1200D56FD7 /* win32 */,
			);
			path = src;
			sourceTree = "<group>";
		};
		3647DEFE14209C1200D56FD7 /* win32 */ = {
			isa = PBXGroup;
			children = (
				3647DEFF14209C1200D56FD7 /* stdint.h */,
			);
			path = win32;
			sourceTree = "<group>";
		};
		3647DFF214209CE600D56FD7 /* test */ = {
			isa = PBXGroup;
			children = (
				3647DFF314209CE600D56FD7 /* main.cpp */,
				3647DFF414209CE600D56FD7 /* Makefile */,
				3647DFF514209CE600D56FD7 /* run_tests.sh */,
				3647DFF614209CE600D56FD7 /* Support */,
				3647DFFD14209CE600D56FD7 /* test-sqlite3 */,
				3647E00814209CE600D56FD7 /* test-stl */,
				3647E00E14209CE600D56FD7 /* test-tightdb */,
				368063391446D12A00283774 /* testalloc.cpp */,
				3647E04A14209CE600D56FD7 /* testarray.cpp */,
				3647E04B14209CE600D56FD7 /* testarraystring.cpp */,
				36E60896145A99D800CCC3E8 /* testarraystringlong.cpp */,
				36E6089E145AE7DD00CCC3E8 /* testearraybinary.cpp */,
				36E608901459F11200CCC3E8 /* testarrayblob.cpp */,
				3647E04C14209CE600D56FD7 /* testcolumn.cpp */,
				36E60898145AB43600CCC3E8 /* testcolumnstring.cpp */,
				36E608A4145B006E00CCC3E8 /* testcolumnbinary.cpp */,
				3604595114C97A4E008ACFFD /* testcolumnmixed.cpp */,
				368063361445AD9200283774 /* testgroup.cpp */,
				3647E04D14209CE600D56FD7 /* testindex.cpp */,
				3647E04E14209CE600D56FD7 /* testtable.cpp */,
				36FD6F3414BDC61A009E0003 /* TestQuery.cpp */,
				36FD6F3514BDC61A009E0003 /* testTableView.cpp */,
				3647E04F14209CE600D56FD7 /* UnitTest++ */,
			);
			path = test;
			sourceTree = "<group>";
		};
		3647DFF614209CE600D56FD7 /* Support */ = {
			isa = PBXGroup;
			children = (
				3647DFF714209CE600D56FD7 /* mem.h */,
				3647DFF814209CE600D56FD7 /* number_names.h */,
				36E6086D1459A34C00CCC3E8 /* mac */,
				3647DFF914209CE600D56FD7 /* posix */,
				3647DFFB14209CE600D56FD7 /* win32 */,
			);
			path = Support;
			sourceTree = "<group>";
		};
		3647DFF914209CE600D56FD7 /* posix */ = {
			isa = PBXGroup;
			children = (
				3647DFFA14209CE600D56FD7 /* mem.cpp */,
			);
			path = posix;
			sourceTree = "<group>";
		};
		3647DFFB14209CE600D56FD7 /* win32 */ = {
			isa = PBXGroup;
			children = (
				3647DFFC14209CE600D56FD7 /* mem.cpp */,
			);
			path = win32;
			sourceTree = "<group>";
		};
		3647DFFD14209CE600D56FD7 /* test-sqlite3 */ = {
			isa = PBXGroup;
			children = (
				3647DFFE14209CE600D56FD7 /* Makefile */,
				3647DFFF14209CE600D56FD7 /* shell.c */,
				3647E00014209CE600D56FD7 /* sqlite3.c */,
				3647E00114209CE600D56FD7 /* sqlite3.def */,
				3647E00214209CE600D56FD7 /* sqlite3.h */,
				3647E00314209CE600D56FD7 /* sqlite3ext.h */,
				3647E00414209CE600D56FD7 /* test-sqlite3.cpp */,
			);
			path = "test-sqlite3";
			sourceTree = "<group>";
		};
		3647E00814209CE600D56FD7 /* test-stl */ = {
			isa = PBXGroup;
			children = (
				3647E00914209CE600D56FD7 /* Makefile */,
				3647E00A14209CE600D56FD7 /* test-stl.cpp */,
			);
			path = "test-stl";
			sourceTree = "<group>";
		};
		3647E00E14209CE600D56FD7 /* test-tightdb */ = {
			isa = PBXGroup;
			children = (
				3647E02114209CE600D56FD7 /* Makefile */,
				3647E02214209CE600D56FD7 /* test-tightdb.cpp */,
				3647E02314209CE600D56FD7 /* test-tightdb.vcproj */,
			);
			path = "test-tightdb";
			sourceTree = "<group>";
		};
		3647E04F14209CE600D56FD7 /* UnitTest++ */ = {
			isa = PBXGroup;
			children = (
				3647E05014209CE600D56FD7 /* COPYING */,
				3647E05114209CE600D56FD7 /* docs */,
				3647E05314209CE600D56FD7 /* Makefile */,
				3647E06B14209CE600D56FD7 /* README */,
				3647E06C14209CE600D56FD7 /* src */,
			);
			path = "UnitTest++";
			sourceTree = "<group>";
		};
		3647E05114209CE600D56FD7 /* docs */ = {
			isa = PBXGroup;
			children = (
				3647E05214209CE600D56FD7 /* UnitTest++.html */,
			);
			path = docs;
			sourceTree = "<group>";
		};
		3647E06C14209CE600D56FD7 /* src */ = {
			isa = PBXGroup;
			children = (
				3647E06D14209CE600D56FD7 /* AssertException.cpp */,
				3647E06E14209CE600D56FD7 /* AssertException.h */,
				3647E06F14209CE600D56FD7 /* CheckMacros.h */,
				3647E07014209CE600D56FD7 /* Checks.cpp */,
				3647E07114209CE600D56FD7 /* Checks.h */,
				3647E07214209CE600D56FD7 /* Config.h */,
				3647E07314209CE600D56FD7 /* CurrentTest.cpp */,
				3647E07414209CE600D56FD7 /* CurrentTest.h */,
				3647E07514209CE600D56FD7 /* DeferredTestReporter.cpp */,
				3647E07614209CE600D56FD7 /* DeferredTestReporter.h */,
				3647E07714209CE600D56FD7 /* DeferredTestResult.cpp */,
				3647E07814209CE600D56FD7 /* DeferredTestResult.h */,
				3647E07914209CE600D56FD7 /* ExecuteTest.h */,
				3647E07A14209CE600D56FD7 /* MemoryOutStream.cpp */,
				3647E07B14209CE600D56FD7 /* MemoryOutStream.h */,
				3647E07C14209CE600D56FD7 /* Posix */,
				3647E08114209CE600D56FD7 /* ReportAssert.cpp */,
				3647E08214209CE600D56FD7 /* ReportAssert.h */,
				3647E08314209CE600D56FD7 /* Test.cpp */,
				3647E08414209CE600D56FD7 /* Test.h */,
				3647E08514209CE600D56FD7 /* TestDetails.cpp */,
				3647E08614209CE600D56FD7 /* TestDetails.h */,
				3647E08714209CE600D56FD7 /* TestList.cpp */,
				3647E08814209CE600D56FD7 /* TestList.h */,
				3647E08914209CE600D56FD7 /* TestMacros.h */,
				3647E08A14209CE600D56FD7 /* TestReporter.cpp */,
				3647E08B14209CE600D56FD7 /* TestReporter.h */,
				3647E08C14209CE600D56FD7 /* TestReporterStdout.cpp */,
				3647E08D14209CE600D56FD7 /* TestReporterStdout.h */,
				3647E08E14209CE600D56FD7 /* TestResults.cpp */,
				3647E08F14209CE600D56FD7 /* TestResults.h */,
				3647E09014209CE600D56FD7 /* TestRunner.cpp */,
				3647E09114209CE600D56FD7 /* TestRunner.h */,
				3647E09214209CE600D56FD7 /* tests */,
				3647E0A614209CE600D56FD7 /* TestSuite.h */,
				3647E0A714209CE600D56FD7 /* TimeConstraint.cpp */,
				3647E0A814209CE600D56FD7 /* TimeConstraint.h */,
				3647E0A914209CE600D56FD7 /* TimeHelpers.h */,
				3647E0AA14209CE600D56FD7 /* UnitTest++.h */,
				3647E0AB14209CE600D56FD7 /* Win32 */,
				3647E0AE14209CE600D56FD7 /* XmlTestReporter.cpp */,
				3647E0AF14209CE600D56FD7 /* XmlTestReporter.h */,
			);
			path = src;
			sourceTree = "<group>";
		};
		3647E07C14209CE600D56FD7 /* Posix */ = {
			isa = PBXGroup;
			children = (
				3647E07D14209CE600D56FD7 /* SignalTranslator.cpp */,
				3647E07E14209CE600D56FD7 /* SignalTranslator.h */,
				3647E07F14209CE600D56FD7 /* TimeHelpers.cpp */,
				3647E08014209CE600D56FD7 /* TimeHelpers.h */,
			);
			path = Posix;
			sourceTree = "<group>";
		};
		3647E09214209CE600D56FD7 /* tests */ = {
			isa = PBXGroup;
			children = (
				3647E09314209CE600D56FD7 /* Main.cpp */,
				3647E09414209CE600D56FD7 /* RecordingReporter.h */,
				3647E09514209CE600D56FD7 /* ScopedCurrentTest.h */,
				3647E09614209CE600D56FD7 /* TestAssertHandler.cpp */,
				3647E09714209CE600D56FD7 /* TestCheckMacros.cpp */,
				3647E09814209CE600D56FD7 /* TestChecks.cpp */,
				3647E09914209CE600D56FD7 /* TestCurrentTest.cpp */,
				3647E09A14209CE600D56FD7 /* TestDeferredTestReporter.cpp */,
				3647E09B14209CE600D56FD7 /* TestMemoryOutStream.cpp */,
				3647E09C14209CE600D56FD7 /* TestTest.cpp */,
				3647E09D14209CE600D56FD7 /* TestTestList.cpp */,
				3647E09E14209CE600D56FD7 /* TestTestMacros.cpp */,
				3647E09F14209CE600D56FD7 /* TestTestResults.cpp */,
				3647E0A014209CE600D56FD7 /* TestTestRunner.cpp */,
				3647E0A114209CE600D56FD7 /* TestTestSuite.cpp */,
				3647E0A214209CE600D56FD7 /* TestTimeConstraint.cpp */,
				3647E0A314209CE600D56FD7 /* TestTimeConstraintMacro.cpp */,
				3647E0A414209CE600D56FD7 /* TestUnitTest++.cpp */,
				3647E0A514209CE600D56FD7 /* TestXmlTestReporter.cpp */,
			);
			path = tests;
			sourceTree = "<group>";
		};
		3647E0AB14209CE600D56FD7 /* Win32 */ = {
			isa = PBXGroup;
			children = (
				3647E0AC14209CE600D56FD7 /* TimeHelpers.cpp */,
				3647E0AD14209CE600D56FD7 /* TimeHelpers.h */,
			);
			path = Win32;
			sourceTree = "<group>";
		};
		3647E0E814209E6B00D56FD7 /* Products */ = {
			isa = PBXGroup;
			children = (
				3647E0E714209E6B00D56FD7 /* libtightdb.a */,
				3647E1031420E4D800D56FD7 /* tightdb_unit_tests */,
				36E6085E1459972100CCC3E8 /* test-tightdb */,
				36DB877E153F02250096CF75 /* libtightdb_ios.a */,
			);
			name = Products;
			sourceTree = "<group>";
		};
		36E6086D1459A34C00CCC3E8 /* mac */ = {
			isa = PBXGroup;
			children = (
				36E6086E1459A3EB00CCC3E8 /* mem.cpp */,
			);
			name = mac;
			sourceTree = "<group>";
		};
/* End PBXGroup section */

/* Begin PBXHeadersBuildPhase section */
		3647E0E514209E6B00D56FD7 /* Headers */ = {
			isa = PBXHeadersBuildPhase;
			buildActionMask = 2147483647;
			files = (
				36E6088F1459E5F100CCC3E8 /* ArrayBlob.hpp in Headers */,
				36E60895145A891100CCC3E8 /* ArrayStringLong.hpp in Headers */,
				36E6089D145AE54900CCC3E8 /* ArrayBinary.hpp in Headers */,
				36E608A1145AEE7300CCC3E8 /* ColumnBinary.hpp in Headers */,
				360F1A37146BF71500EBB9C6 /* ColumnString.hpp in Headers */,
				363141F714751E8000ADD5AC /* ColumnStringEnum.hpp in Headers */,
				36E4755C14877FB9009FB135 /* ColumnTable.hpp in Headers */,
				36FD6F3B14BDC965009E0003 /* QueryEngine.hpp in Headers */,
				36FD6F3C14BDC965009E0003 /* QueryInterface.hpp in Headers */,
				3604594D14C96DA2008ACFFD /* ColumnMixed.hpp in Headers */,
				360BAE3114FBB9FE00A28045 /* utf8.hpp in Headers */,
				360BAE3514FBBA2E00A28045 /* utilities.hpp in Headers */,
				36DBF0CC15498B4100CC12CC /* table_basic.hpp in Headers */,
				36DBF0CE15498B4100CC12CC /* meta.hpp in Headers */,
				36DBF0D015498B4100CC12CC /* spec.hpp in Headers */,
				36DBF0D415498B4100CC12CC /* table_ref.hpp in Headers */,
				36DBF0DB154AC79700CC12CC /* group_writer.hpp in Headers */,
			);
			runOnlyForDeploymentPostprocessing = 0;
		};
		36DB876E153F02250096CF75 /* Headers */ = {
			isa = PBXHeadersBuildPhase;
			buildActionMask = 2147483647;
			files = (
				36DB876F153F02250096CF75 /* ArrayBlob.hpp in Headers */,
				36DB8770153F02250096CF75 /* ArrayStringLong.hpp in Headers */,
				36DB8771153F02250096CF75 /* ArrayBinary.hpp in Headers */,
				36DB8772153F02250096CF75 /* ColumnBinary.hpp in Headers */,
				36DB8773153F02250096CF75 /* ColumnString.hpp in Headers */,
				36DB8774153F02250096CF75 /* ColumnStringEnum.hpp in Headers */,
				36DB8775153F02250096CF75 /* ColumnTable.hpp in Headers */,
				36DB8776153F02250096CF75 /* QueryEngine.hpp in Headers */,
				36DB8777153F02250096CF75 /* QueryInterface.hpp in Headers */,
				36DB8778153F02250096CF75 /* ColumnMixed.hpp in Headers */,
				36DB8779153F02250096CF75 /* utf8.hpp in Headers */,
				36DB877A153F02250096CF75 /* utilities.hpp in Headers */,
				36DBF0CD15498B4100CC12CC /* table_basic.hpp in Headers */,
				36DBF0CF15498B4100CC12CC /* meta.hpp in Headers */,
				36DBF0D115498B4100CC12CC /* spec.hpp in Headers */,
				36DBF0D515498B4100CC12CC /* table_ref.hpp in Headers */,
				36DBF0DC154AC79700CC12CC /* group_writer.hpp in Headers */,
			);
			runOnlyForDeploymentPostprocessing = 0;
		};
/* End PBXHeadersBuildPhase section */

/* Begin PBXNativeTarget section */
		3647E0E614209E6B00D56FD7 /* libtightdb */ = {
			isa = PBXNativeTarget;
			buildConfigurationList = 3647E0E914209E6B00D56FD7 /* Build configuration list for PBXNativeTarget "libtightdb" */;
			buildPhases = (
				3647E0E314209E6B00D56FD7 /* Sources */,
				3647E0E414209E6B00D56FD7 /* Frameworks */,
				3647E0E514209E6B00D56FD7 /* Headers */,
			);
			buildRules = (
			);
			dependencies = (
			);
			name = libtightdb;
			productName = libtightdb;
			productReference = 3647E0E714209E6B00D56FD7 /* libtightdb.a */;
			productType = "com.apple.product-type.library.static";
		};
		3647E1021420E4D800D56FD7 /* tightdb_unit_tests */ = {
			isa = PBXNativeTarget;
			buildConfigurationList = 3647E10A1420E4D800D56FD7 /* Build configuration list for PBXNativeTarget "tightdb_unit_tests" */;
			buildPhases = (
				3647E0FF1420E4D800D56FD7 /* Sources */,
				3647E1001420E4D800D56FD7 /* Frameworks */,
				3647E1011420E4D800D56FD7 /* CopyFiles */,
			);
			buildRules = (
			);
			dependencies = (
				3647E2521422197F00D56FD7 /* PBXTargetDependency */,
			);
			name = tightdb_unit_tests;
			productName = tightdb_test;
			productReference = 3647E1031420E4D800D56FD7 /* tightdb_unit_tests */;
			productType = "com.apple.product-type.tool";
		};
		36DB8758153F02250096CF75 /* libtightdb ios */ = {
			isa = PBXNativeTarget;
			buildConfigurationList = 36DB877B153F02250096CF75 /* Build configuration list for PBXNativeTarget "libtightdb ios" */;
			buildPhases = (
				36DB8759153F02250096CF75 /* Sources */,
				36DB876D153F02250096CF75 /* Frameworks */,
				36DB876E153F02250096CF75 /* Headers */,
			);
			buildRules = (
			);
			dependencies = (
			);
			name = "libtightdb ios";
			productName = libtightdb;
			productReference = 36DB877E153F02250096CF75 /* libtightdb_ios.a */;
			productType = "com.apple.product-type.library.static";
		};
		36E6085D1459972100CCC3E8 /* test-tightdb */ = {
			isa = PBXNativeTarget;
			buildConfigurationList = 36E608651459972200CCC3E8 /* Build configuration list for PBXNativeTarget "test-tightdb" */;
			buildPhases = (
				36E6085A1459972100CCC3E8 /* Sources */,
				36E6085B1459972100CCC3E8 /* Frameworks */,
				36E6085C1459972100CCC3E8 /* CopyFiles */,
			);
			buildRules = (
			);
			dependencies = (
				36E6086B14599C3300CCC3E8 /* PBXTargetDependency */,
			);
			name = "test-tightdb";
			productName = "test-tightdb";
			productReference = 36E6085E1459972100CCC3E8 /* test-tightdb */;
			productType = "com.apple.product-type.tool";
		};
/* End PBXNativeTarget section */

/* Begin PBXProject section */
		3611F2FC14209B7000017263 /* Project object */ = {
			isa = PBXProject;
			attributes = {
				LastUpgradeCheck = 0430;
				ORGANIZATIONNAME = TightDB;
			};
			buildConfigurationList = 3611F2FF14209B7000017263 /* Build configuration list for PBXProject "tightdb" */;
			compatibilityVersion = "Xcode 3.2";
			developmentRegion = English;
			hasScannedForEncodings = 0;
			knownRegions = (
				en,
			);
			mainGroup = 3611F2FA14209B7000017263;
			productRefGroup = 3647E0E814209E6B00D56FD7 /* Products */;
			projectDirPath = "";
			projectRoot = "";
			targets = (
				3647E0E614209E6B00D56FD7 /* libtightdb */,
				3647E1021420E4D800D56FD7 /* tightdb_unit_tests */,
				36E6085D1459972100CCC3E8 /* test-tightdb */,
				36DB8758153F02250096CF75 /* libtightdb ios */,
			);
		};
/* End PBXProject section */

/* Begin PBXSourcesBuildPhase section */
		3647E0E314209E6B00D56FD7 /* Sources */ = {
			isa = PBXSourcesBuildPhase;
			buildActionMask = 2147483647;
			files = (
				3647E0EC14209EBB00D56FD7 /* alloc_slab.cpp in Sources */,
				3647E0EF14209EBB00D56FD7 /* Array.cpp in Sources */,
				3647E0F114209EBB00D56FD7 /* ArrayString.cpp in Sources */,
				3647E0F314209EBB00D56FD7 /* Column.cpp in Sources */,
				3647E0F514209EBB00D56FD7 /* ColumnString.cpp in Sources */,
				3647E0F714209EBB00D56FD7 /* ctightdb.cpp in Sources */,
				3647E0F914209EBB00D56FD7 /* Index.cpp in Sources */,
				3647E0FB14209EBB00D56FD7 /* Table.cpp in Sources */,
				3647E0FD14209EBB00D56FD7 /* table_view.cpp in Sources */,
				368063321445977300283774 /* Group.cpp in Sources */,
				36E6088E1459E5DC00CCC3E8 /* ArrayBlob.cpp in Sources */,
				36E60893145A88F900CCC3E8 /* ArrayStringLong.cpp in Sources */,
				36E6089B145AE53500CCC3E8 /* ArrayBinary.cpp in Sources */,
				36E608A3145AEE9000CCC3E8 /* ColumnBinary.cpp in Sources */,
				363141F914751E9600ADD5AC /* ColumnStringEnum.cpp in Sources */,
				36E4755914877FA4009FB135 /* ColumnTable.cpp in Sources */,
				3604595014C96DBA008ACFFD /* ColumnMixed.cpp in Sources */,
				360BAE3014FBB9FE00A28045 /* utf8.cpp in Sources */,
				360BAE3414FBBA2E00A28045 /* utilities.cpp in Sources */,
				36DBF0D8154AC77A00CC12CC /* group_writer.cpp in Sources */,
			);
			runOnlyForDeploymentPostprocessing = 0;
		};
		3647E0FF1420E4D800D56FD7 /* Sources */ = {
			isa = PBXSourcesBuildPhase;
			buildActionMask = 2147483647;
			files = (
				3647E10E1420E69400D56FD7 /* testarray.cpp in Sources */,
				3647E10F1420E69400D56FD7 /* testarraystring.cpp in Sources */,
				3647E1101420E69400D56FD7 /* testcolumn.cpp in Sources */,
				3647E1111420E69400D56FD7 /* testindex.cpp in Sources */,
				3647E1121420E69400D56FD7 /* testtable.cpp in Sources */,
				3647E10D1420E66B00D56FD7 /* main.cpp in Sources */,
				368063381445AF9B00283774 /* testgroup.cpp in Sources */,
				3680633A1446D12B00283774 /* testalloc.cpp in Sources */,
				36E608911459F11200CCC3E8 /* testarrayblob.cpp in Sources */,
				36E60897145A99D800CCC3E8 /* testarraystringlong.cpp in Sources */,
				36E60899145AB43600CCC3E8 /* testcolumnstring.cpp in Sources */,
				36E6089F145AE7DD00CCC3E8 /* testearraybinary.cpp in Sources */,
				36E608A5145B006E00CCC3E8 /* testcolumnbinary.cpp in Sources */,
				36FD6F3614BDC61A009E0003 /* TestQuery.cpp in Sources */,
				36FD6F3714BDC61A009E0003 /* testTableView.cpp in Sources */,
				3604595214C97A4E008ACFFD /* testcolumnmixed.cpp in Sources */,
			);
			runOnlyForDeploymentPostprocessing = 0;
		};
		36DB8759153F02250096CF75 /* Sources */ = {
			isa = PBXSourcesBuildPhase;
			buildActionMask = 2147483647;
			files = (
				36DB875A153F02250096CF75 /* alloc_slab.cpp in Sources */,
				36DB875B153F02250096CF75 /* Array.cpp in Sources */,
				36DB875C153F02250096CF75 /* ArrayString.cpp in Sources */,
				36DB875D153F02250096CF75 /* Column.cpp in Sources */,
				36DB875E153F02250096CF75 /* ColumnString.cpp in Sources */,
				36DB875F153F02250096CF75 /* ctightdb.cpp in Sources */,
				36DB8760153F02250096CF75 /* Index.cpp in Sources */,
				36DB8761153F02250096CF75 /* Table.cpp in Sources */,
				36DB8762153F02250096CF75 /* table_view.cpp in Sources */,
				36DB8763153F02250096CF75 /* Group.cpp in Sources */,
				36DB8764153F02250096CF75 /* ArrayBlob.cpp in Sources */,
				36DB8765153F02250096CF75 /* ArrayStringLong.cpp in Sources */,
				36DB8766153F02250096CF75 /* ArrayBinary.cpp in Sources */,
				36DB8767153F02250096CF75 /* ColumnBinary.cpp in Sources */,
				36DB8768153F02250096CF75 /* ColumnStringEnum.cpp in Sources */,
				36DB8769153F02250096CF75 /* ColumnTable.cpp in Sources */,
				36DB876A153F02250096CF75 /* ColumnMixed.cpp in Sources */,
				36DB876B153F02250096CF75 /* utf8.cpp in Sources */,
				36DB876C153F02250096CF75 /* utilities.cpp in Sources */,
				36DBF0D9154AC77A00CC12CC /* group_writer.cpp in Sources */,
			);
			runOnlyForDeploymentPostprocessing = 0;
		};
		36E6085A1459972100CCC3E8 /* Sources */ = {
			isa = PBXSourcesBuildPhase;
			buildActionMask = 2147483647;
			files = (
				36E608681459976700CCC3E8 /* test-tightdb.cpp in Sources */,
				36E6086F1459A3EB00CCC3E8 /* mem.cpp in Sources */,
			);
			runOnlyForDeploymentPostprocessing = 0;
		};
/* End PBXSourcesBuildPhase section */

/* Begin PBXTargetDependency section */
		3647E2521422197F00D56FD7 /* PBXTargetDependency */ = {
			isa = PBXTargetDependency;
			target = 3647E0E614209E6B00D56FD7 /* libtightdb */;
			targetProxy = 3647E2511422197F00D56FD7 /* PBXContainerItemProxy */;
		};
		36E6086B14599C3300CCC3E8 /* PBXTargetDependency */ = {
			isa = PBXTargetDependency;
			target = 3647E0E614209E6B00D56FD7 /* libtightdb */;
			targetProxy = 36E6086A14599C3300CCC3E8 /* PBXContainerItemProxy */;
		};
/* End PBXTargetDependency section */

/* Begin XCBuildConfiguration section */
		3611F30114209B7000017263 /* Debug */ = {
			isa = XCBuildConfiguration;
			buildSettings = {
				CLANG_WARN_IMPLICIT_SIGN_CONVERSION = NO;
				CLANG_WARN_SUSPICIOUS_IMPLICIT_CONVERSION = YES;
				CLANG_WARN__EXIT_TIME_DESTRUCTORS = NO;
				GCC_WARN_64_TO_32_BIT_CONVERSION = YES;
				GCC_WARN_ABOUT_MISSING_FIELD_INITIALIZERS = YES;
				GCC_WARN_ABOUT_MISSING_PROTOTYPES = YES;
				GCC_WARN_ABOUT_RETURN_TYPE = YES;
				GCC_WARN_FOUR_CHARACTER_CONSTANTS = YES;
				GCC_WARN_HIDDEN_VIRTUAL_FUNCTIONS = NO;
				GCC_WARN_INITIALIZER_NOT_FULLY_BRACKETED = YES;
				GCC_WARN_NON_VIRTUAL_DESTRUCTOR = NO;
				GCC_WARN_PEDANTIC = NO;
				GCC_WARN_SHADOW = NO;
				GCC_WARN_SIGN_COMPARE = YES;
				GCC_WARN_UNINITIALIZED_AUTOS = YES;
				GCC_WARN_UNKNOWN_PRAGMAS = YES;
				GCC_WARN_UNUSED_FUNCTION = YES;
				GCC_WARN_UNUSED_LABEL = YES;
				GCC_WARN_UNUSED_PARAMETER = NO;
				GCC_WARN_UNUSED_VARIABLE = YES;
			};
			name = Debug;
		};
		3611F30214209B7000017263 /* Release */ = {
			isa = XCBuildConfiguration;
			buildSettings = {
				CLANG_WARN_IMPLICIT_SIGN_CONVERSION = NO;
				CLANG_WARN_SUSPICIOUS_IMPLICIT_CONVERSION = YES;
				CLANG_WARN__EXIT_TIME_DESTRUCTORS = NO;
				GCC_WARN_64_TO_32_BIT_CONVERSION = YES;
				GCC_WARN_ABOUT_MISSING_FIELD_INITIALIZERS = YES;
				GCC_WARN_ABOUT_MISSING_PROTOTYPES = YES;
				GCC_WARN_ABOUT_RETURN_TYPE = YES;
				GCC_WARN_FOUR_CHARACTER_CONSTANTS = YES;
				GCC_WARN_HIDDEN_VIRTUAL_FUNCTIONS = NO;
				GCC_WARN_INITIALIZER_NOT_FULLY_BRACKETED = YES;
				GCC_WARN_NON_VIRTUAL_DESTRUCTOR = NO;
				GCC_WARN_PEDANTIC = NO;
				GCC_WARN_SHADOW = NO;
				GCC_WARN_SIGN_COMPARE = YES;
				GCC_WARN_UNINITIALIZED_AUTOS = YES;
				GCC_WARN_UNKNOWN_PRAGMAS = YES;
				GCC_WARN_UNUSED_FUNCTION = YES;
				GCC_WARN_UNUSED_LABEL = YES;
				GCC_WARN_UNUSED_PARAMETER = NO;
				GCC_WARN_UNUSED_VARIABLE = YES;
			};
			name = Release;
		};
		3647E0EA14209E6B00D56FD7 /* Debug */ = {
			isa = XCBuildConfiguration;
			buildSettings = {
				ALWAYS_SEARCH_USER_PATHS = NO;
				ARCHS = "$(ARCHS_STANDARD_64_BIT)";
				COPY_PHASE_STRIP = NO;
				DEBUG_INFORMATION_FORMAT = "dwarf-with-dsym";
				EXECUTABLE_PREFIX = lib;
				GCC_C_LANGUAGE_STANDARD = gnu99;
				GCC_DYNAMIC_NO_PIC = NO;
				GCC_ENABLE_OBJC_EXCEPTIONS = YES;
				GCC_OPTIMIZATION_LEVEL = 0;
				GCC_PREPROCESSOR_DEFINITIONS = (
					"DEBUG=1",
					"$(inherited)",
				);
				"GCC_PREPROCESSOR_DEFINITIONS[arch=*]" = (
					"DEBUG=1",
					"_DEBUG=1",
					"$(inherited)",
				);
				GCC_SYMBOLS_PRIVATE_EXTERN = NO;
				GCC_VERSION = com.apple.compilers.llvm.clang.1_0;
				GCC_WARN_64_TO_32_BIT_CONVERSION = YES;
				GCC_WARN_ABOUT_MISSING_PROTOTYPES = YES;
				GCC_WARN_ABOUT_RETURN_TYPE = YES;
				GCC_WARN_UNUSED_VARIABLE = YES;
				MACOSX_DEPLOYMENT_TARGET = 10.7;
				ONLY_ACTIVE_ARCH = YES;
				PRODUCT_NAME = tightdb;
				SDKROOT = macosx;
			};
			name = Debug;
		};
		3647E0EB14209E6B00D56FD7 /* Release */ = {
			isa = XCBuildConfiguration;
			buildSettings = {
				ALWAYS_SEARCH_USER_PATHS = NO;
				ARCHS = "$(ARCHS_STANDARD_64_BIT)";
				COPY_PHASE_STRIP = YES;
				DEBUG_INFORMATION_FORMAT = "dwarf-with-dsym";
				EXECUTABLE_PREFIX = lib;
				GCC_C_LANGUAGE_STANDARD = gnu99;
				GCC_ENABLE_OBJC_EXCEPTIONS = YES;
				"GCC_PREPROCESSOR_DEFINITIONS[arch=*]" = NDEBUG;
				GCC_VERSION = com.apple.compilers.llvm.clang.1_0;
				GCC_WARN_64_TO_32_BIT_CONVERSION = YES;
				GCC_WARN_ABOUT_MISSING_PROTOTYPES = YES;
				GCC_WARN_ABOUT_RETURN_TYPE = YES;
				GCC_WARN_UNUSED_VARIABLE = YES;
				MACOSX_DEPLOYMENT_TARGET = 10.7;
				ONLY_ACTIVE_ARCH = YES;
				PRODUCT_NAME = tightdb;
				SDKROOT = macosx;
			};
			name = Release;
		};
		3647E10B1420E4D800D56FD7 /* Debug */ = {
			isa = XCBuildConfiguration;
			buildSettings = {
				ALWAYS_SEARCH_USER_PATHS = NO;
				ARCHS = "$(ARCHS_STANDARD_64_BIT)";
				COPY_PHASE_STRIP = NO;
				DEBUG_INFORMATION_FORMAT = "dwarf-with-dsym";
				GCC_C_LANGUAGE_STANDARD = gnu99;
				GCC_DYNAMIC_NO_PIC = NO;
				GCC_ENABLE_OBJC_EXCEPTIONS = YES;
				GCC_OPTIMIZATION_LEVEL = 0;
				GCC_PREPROCESSOR_DEFINITIONS = (
					"DEBUG=1",
					"_DEBUG=1",
					"$(inherited)",
				);
				GCC_SYMBOLS_PRIVATE_EXTERN = NO;
				GCC_VERSION = com.apple.compilers.llvm.clang.1_0;
				GCC_WARN_64_TO_32_BIT_CONVERSION = YES;
				GCC_WARN_ABOUT_MISSING_PROTOTYPES = YES;
				GCC_WARN_ABOUT_RETURN_TYPE = YES;
				GCC_WARN_UNUSED_VARIABLE = YES;
				HEADER_SEARCH_PATHS = (
					"$(inherited)",
					"\"$(SRCROOT)/test/UnitTest++/src\"",
				);
				LIBRARY_SEARCH_PATHS = (
					"$(inherited)",
					"\"$(SRCROOT)/test/UnitTest++\"",
				);
				MACOSX_DEPLOYMENT_TARGET = 10.7;
				ONLY_ACTIVE_ARCH = YES;
				PRODUCT_NAME = "$(TARGET_NAME)";
				SDKROOT = macosx;
			};
			name = Debug;
		};
		3647E10C1420E4D800D56FD7 /* Release */ = {
			isa = XCBuildConfiguration;
			buildSettings = {
				ALWAYS_SEARCH_USER_PATHS = NO;
				ARCHS = "$(ARCHS_STANDARD_64_BIT)";
				COPY_PHASE_STRIP = YES;
				DEBUG_INFORMATION_FORMAT = "dwarf-with-dsym";
				GCC_C_LANGUAGE_STANDARD = gnu99;
				GCC_ENABLE_OBJC_EXCEPTIONS = YES;
				GCC_VERSION = com.apple.compilers.llvm.clang.1_0;
				GCC_WARN_64_TO_32_BIT_CONVERSION = YES;
				GCC_WARN_ABOUT_MISSING_PROTOTYPES = YES;
				GCC_WARN_ABOUT_RETURN_TYPE = YES;
				GCC_WARN_UNUSED_VARIABLE = YES;
				HEADER_SEARCH_PATHS = (
					"$(inherited)",
					"\"$(SRCROOT)/test/UnitTest++/src\"",
				);
				LIBRARY_SEARCH_PATHS = (
					"$(inherited)",
					"\"$(SRCROOT)/test/UnitTest++\"",
				);
				MACOSX_DEPLOYMENT_TARGET = 10.7;
				ONLY_ACTIVE_ARCH = YES;
				PRODUCT_NAME = "$(TARGET_NAME)";
				SDKROOT = macosx;
			};
			name = Release;
		};
		36DB877C153F02250096CF75 /* Debug */ = {
			isa = XCBuildConfiguration;
			buildSettings = {
				ALWAYS_SEARCH_USER_PATHS = NO;
				ARCHS = "$(ARCHS_STANDARD_32_BIT)";
				COPY_PHASE_STRIP = NO;
				DEBUG_INFORMATION_FORMAT = "dwarf-with-dsym";
				EXECUTABLE_PREFIX = lib;
				GCC_C_LANGUAGE_STANDARD = gnu99;
				GCC_DYNAMIC_NO_PIC = NO;
				GCC_ENABLE_OBJC_EXCEPTIONS = YES;
				GCC_OPTIMIZATION_LEVEL = 0;
				GCC_PREPROCESSOR_DEFINITIONS = (
					"DEBUG=1",
					"$(inherited)",
				);
				"GCC_PREPROCESSOR_DEFINITIONS[arch=*]" = (
					"DEBUG=1",
					"_DEBUG=1",
					"$(inherited)",
				);
				GCC_SYMBOLS_PRIVATE_EXTERN = NO;
				GCC_VERSION = com.apple.compilers.llvm.clang.1_0;
				GCC_WARN_64_TO_32_BIT_CONVERSION = YES;
				GCC_WARN_ABOUT_MISSING_PROTOTYPES = YES;
				GCC_WARN_ABOUT_RETURN_TYPE = YES;
				GCC_WARN_UNUSED_VARIABLE = YES;
				MACOSX_DEPLOYMENT_TARGET = 10.7;
				ONLY_ACTIVE_ARCH = YES;
				PRODUCT_NAME = tightdb_ios;
				SDKROOT = iphoneos;
			};
			name = Debug;
		};
		36DB877D153F02250096CF75 /* Release */ = {
			isa = XCBuildConfiguration;
			buildSettings = {
				ALWAYS_SEARCH_USER_PATHS = NO;
				ARCHS = "$(ARCHS_STANDARD_32_BIT)";
				COPY_PHASE_STRIP = YES;
				DEBUG_INFORMATION_FORMAT = "dwarf-with-dsym";
				EXECUTABLE_PREFIX = lib;
				GCC_C_LANGUAGE_STANDARD = gnu99;
				GCC_ENABLE_OBJC_EXCEPTIONS = YES;
				"GCC_PREPROCESSOR_DEFINITIONS[arch=*]" = NDEBUG;
				GCC_VERSION = com.apple.compilers.llvm.clang.1_0;
				GCC_WARN_64_TO_32_BIT_CONVERSION = YES;
				GCC_WARN_ABOUT_MISSING_PROTOTYPES = YES;
				GCC_WARN_ABOUT_RETURN_TYPE = YES;
				GCC_WARN_UNUSED_VARIABLE = YES;
				MACOSX_DEPLOYMENT_TARGET = 10.7;
				ONLY_ACTIVE_ARCH = YES;
				PRODUCT_NAME = tightdb_ios;
				SDKROOT = iphoneos;
			};
			name = Release;
		};
		36E608661459972200CCC3E8 /* Debug */ = {
			isa = XCBuildConfiguration;
			buildSettings = {
				ALWAYS_SEARCH_USER_PATHS = NO;
				ARCHS = "$(ARCHS_STANDARD_64_BIT)";
				COPY_PHASE_STRIP = NO;
				GCC_C_LANGUAGE_STANDARD = gnu99;
				GCC_DYNAMIC_NO_PIC = NO;
				GCC_ENABLE_OBJC_EXCEPTIONS = YES;
				GCC_OPTIMIZATION_LEVEL = 0;
				GCC_PREPROCESSOR_DEFINITIONS = (
					"DEBUG=1",
					"_DEBUG=1",
				);
				GCC_SYMBOLS_PRIVATE_EXTERN = NO;
				GCC_VERSION = com.apple.compilers.llvm.clang.1_0;
				GCC_WARN_64_TO_32_BIT_CONVERSION = YES;
				GCC_WARN_ABOUT_MISSING_PROTOTYPES = YES;
				GCC_WARN_ABOUT_RETURN_TYPE = YES;
				GCC_WARN_UNUSED_VARIABLE = YES;
				HEADER_SEARCH_PATHS = (
					"$(inherited)",
					"\"$(SRCROOT)/src\"",
					"\"$(SRCROOT)/test/UnitTest++/src\"",
				);
				LIBRARY_SEARCH_PATHS = (
					"$(inherited)",
					"\"$(SRCROOT)/test/UnitTest++\"",
				);
				MACOSX_DEPLOYMENT_TARGET = 10.7;
				ONLY_ACTIVE_ARCH = YES;
				PRODUCT_NAME = "$(TARGET_NAME)";
				REZ_SEARCH_PATHS = "$(SRCROOT)/src";
				SDKROOT = macosx;
			};
			name = Debug;
		};
		36E608671459972200CCC3E8 /* Release */ = {
			isa = XCBuildConfiguration;
			buildSettings = {
				ALWAYS_SEARCH_USER_PATHS = NO;
				ARCHS = "$(ARCHS_STANDARD_64_BIT)";
				COPY_PHASE_STRIP = YES;
				DEBUG_INFORMATION_FORMAT = "dwarf-with-dsym";
				GCC_C_LANGUAGE_STANDARD = gnu99;
				GCC_ENABLE_OBJC_EXCEPTIONS = YES;
				GCC_VERSION = com.apple.compilers.llvm.clang.1_0;
				GCC_WARN_64_TO_32_BIT_CONVERSION = YES;
				GCC_WARN_ABOUT_MISSING_PROTOTYPES = YES;
				GCC_WARN_ABOUT_RETURN_TYPE = YES;
				GCC_WARN_UNUSED_VARIABLE = YES;
				HEADER_SEARCH_PATHS = (
					"$(inherited)",
					"\"$(SRCROOT)/src\"",
					"\"$(SRCROOT)/test/UnitTest++/src\"",
				);
				LIBRARY_SEARCH_PATHS = (
					"$(inherited)",
					"\"$(SRCROOT)/test/UnitTest++\"",
				);
				MACOSX_DEPLOYMENT_TARGET = 10.7;
				PRODUCT_NAME = "$(TARGET_NAME)";
				REZ_SEARCH_PATHS = "$(SRCROOT)/src";
				SDKROOT = macosx;
			};
			name = Release;
		};
/* End XCBuildConfiguration section */

/* Begin XCConfigurationList section */
		3611F2FF14209B7000017263 /* Build configuration list for PBXProject "tightdb" */ = {
			isa = XCConfigurationList;
			buildConfigurations = (
				3611F30114209B7000017263 /* Debug */,
				3611F30214209B7000017263 /* Release */,
			);
			defaultConfigurationIsVisible = 0;
			defaultConfigurationName = Release;
		};
		3647E0E914209E6B00D56FD7 /* Build configuration list for PBXNativeTarget "libtightdb" */ = {
			isa = XCConfigurationList;
			buildConfigurations = (
				3647E0EA14209E6B00D56FD7 /* Debug */,
				3647E0EB14209E6B00D56FD7 /* Release */,
			);
			defaultConfigurationIsVisible = 0;
			defaultConfigurationName = Release;
		};
		3647E10A1420E4D800D56FD7 /* Build configuration list for PBXNativeTarget "tightdb_unit_tests" */ = {
			isa = XCConfigurationList;
			buildConfigurations = (
				3647E10B1420E4D800D56FD7 /* Debug */,
				3647E10C1420E4D800D56FD7 /* Release */,
			);
			defaultConfigurationIsVisible = 0;
			defaultConfigurationName = Release;
		};
		36DB877B153F02250096CF75 /* Build configuration list for PBXNativeTarget "libtightdb ios" */ = {
			isa = XCConfigurationList;
			buildConfigurations = (
				36DB877C153F02250096CF75 /* Debug */,
				36DB877D153F02250096CF75 /* Release */,
			);
			defaultConfigurationIsVisible = 0;
			defaultConfigurationName = Release;
		};
		36E608651459972200CCC3E8 /* Build configuration list for PBXNativeTarget "test-tightdb" */ = {
			isa = XCConfigurationList;
			buildConfigurations = (
				36E608661459972200CCC3E8 /* Debug */,
				36E608671459972200CCC3E8 /* Release */,
			);
			defaultConfigurationIsVisible = 0;
			defaultConfigurationName = Release;
		};
/* End XCConfigurationList section */
	};
	rootObject = 3611F2FC14209B7000017263 /* Project object */;
}
